
Microsoft Visual Studio Solution File, Format Version 12.00
# Visual Studio 14
VisualStudioVersion = 14.0.25123.0
MinimumVisualStudioVersion = 10.0.40219.1
Project("{FAE04EC0-301F-11D3-BF4B-00C04F79EFBC}") = "LP.Authentication", "LP.Authentication\LP.Authentication.csproj", "{E9E4451D-4737-4148-B1ED-5DEF0B875B27}"
EndProject
Project("{FAE04EC0-301F-11D3-BF4B-00C04F79EFBC}") = "LP.Authentication.BusinessLayer", "LP.Authentication.BusinessLayer\LP.Authentication.BusinessLayer.csproj", "{CD665372-8DE6-4609-9FB7-9CC8DA31BCB0}"
EndProject
Project("{FAE04EC0-301F-11D3-BF4B-00C04F79EFBC}") = "LP.Authentication.BusinessLayer.Tests", "LP.Authentication.BusinessLayer.Tests\LP.Authentication.BusinessLayer.Tests.csproj", "{C020E1CF-53E3-4902-855E-E5F77C94923C}"
EndProject
Project("{FAE04EC0-301F-11D3-BF4B-00C04F79EFBC}") = "LP.Authentication.Tests", "LP.Authentication.Tests\LP.Authentication.Tests.csproj", "{C5B23EC9-89F0-4F80-9FA2-C03494149471}"
EndProject
Project("{FAE04EC0-301F-11D3-BF4B-00C04F79EFBC}") = "LP.Core", "LP.Core\LP.Core.csproj", "{39C84118-A0F7-45B9-A21C-C1B7BC73E99F}"
EndProject
Project("{FAE04EC0-301F-11D3-BF4B-00C04F79EFBC}") = "LP.Core.Tests", "LP.Core.Tests\LP.Core.Tests.csproj", "{E0C84EBF-5681-4C0E-9D88-37902EE3DFA5}"
EndProject
Project("{FAE04EC0-301F-11D3-BF4B-00C04F79EFBC}") = "LP.Data", "LP.Data\LP.Data.csproj", "{1FAB0F7B-21AD-4AEB-9D89-FA16CEE200AE}"
EndProject
Project("{FAE04EC0-301F-11D3-BF4B-00C04F79EFBC}") = "LP.Host", "LP.Host\LP.Host.csproj", "{1C0FF499-3B9A-4AFA-BC91-52DF6DD8C98E}"
EndProject
Project("{FAE04EC0-301F-11D3-BF4B-00C04F79EFBC}") = "LP.Model", "LP.Model\LP.Model.csproj", "{1745930F-69F3-4E90-944D-1FB86E1F0D53}"
EndProject
Project("{FAE04EC0-301F-11D3-BF4B-00C04F79EFBC}") = "LP.ServiceHost.Common.BusinessLayer", "LP.ServiceHost.Common.BusinessLayer\LP.ServiceHost.Common.BusinessLayer.csproj", "{CD0C4888-4E51-4034-BE01-74842FB9E12B}"
EndProject
Project("{FAE04EC0-301F-11D3-BF4B-00C04F79EFBC}") = "LP.ServiceHost.Common.BusinessLayer.Tests", "LP.ServiceHost.Common.BusinessLayer.Tests\LP.ServiceHost.Common.BusinessLayer.Tests.csproj", "{BE29C491-5335-4DDF-9EBE-B5AC4C7FCE92}"
EndProject
Project("{FAE04EC0-301F-11D3-BF4B-00C04F79EFBC}") = "LP.ServiceHost.DataContracts", "LP.ServiceHost.DataContracts\LP.ServiceHost.DataContracts.csproj", "{0BAA830C-582E-4541-8432-455364C18CB9}"
EndProject
Project("{2150E333-8FDC-42A3-9474-1A3956D46DE8}") = "Authentication", "Authentication", "{2E3D6A8F-A657-4F2D-B409-4A9B105D57ED}"
EndProject
Project("{FAE04EC0-301F-11D3-BF4B-00C04F79EFBC}") = "LP.Host.Tests", "LP.Host.Tests\LP.Host.Tests.csproj", "{FB31BA4A-57C8-4BEF-93C7-91156E65CDFC}"
EndProject
Project("{FAE04EC0-301F-11D3-BF4B-00C04F79EFBC}") = "LP.Api.Shared", "LP.Api.Shared\LP.Api.Shared.csproj", "{89AFE81E-5CC4-4A81-B75D-543761F3F89F}"
EndProject
Project("{FAE04EC0-301F-11D3-BF4B-00C04F79EFBC}") = "LP.Api.Shared.Tests", "LP.Api.Shared.Tests\LP.Api.Shared.Tests.csproj", "{B0F4BEF5-A098-4B1F-9317-B3606ED69232}"
EndProject
Project("{FAE04EC0-301F-11D3-BF4B-00C04F79EFBC}") = "LP.Translation", "LP.Translation\LP.Translation.csproj", "{C4C86DE2-3B07-4A70-B127-80E97E6A3EA4}"
EndProject
Project("{FAE04EC0-301F-11D3-BF4B-00C04F79EFBC}") = "LP.Translation.Tests", "LP.Translation.Tests\LP.Translation.Tests.csproj", "{11EDB0C6-0A0C-48DE-9CDD-7B093236EB6D}"
EndProject
Project("{FAE04EC0-301F-11D3-BF4B-00C04F79EFBC}") = "LP.Translation.BusinessLayer", "LP.Translation.BusinessLayer\LP.Translation.BusinessLayer.csproj", "{5E385F11-D55B-420F-AC76-4B170F1F9140}"
EndProject
Project("{FAE04EC0-301F-11D3-BF4B-00C04F79EFBC}") = "LP.Translation.BusinessLayer.Tests", "LP.Translation.BusinessLayer.Tests\LP.Translation.BusinessLayer.Tests.csproj", "{A9EBC5DE-4E8F-43E7-B36A-A30E40228AEF}"
EndProject
Project("{2150E333-8FDC-42A3-9474-1A3956D46DE8}") = "Translation", "Translation", "{35C87557-7F2A-40AD-B66D-F81B1877A6AA}"
EndProject
Project("{FAE04EC0-301F-11D3-BF4B-00C04F79EFBC}") = "LP.Exams", "LP.Exams\LP.Exams.csproj", "{789802F8-1E2B-4C78-AA1D-A972F516CEE5}"
EndProject
Project("{FAE04EC0-301F-11D3-BF4B-00C04F79EFBC}") = "LP.Exams.BusinessLayer", "LP.Exams.BusinessLayer\LP.Exams.BusinessLayer.csproj", "{C5CD5B48-EF61-4A0C-B3C2-D310D7D971E8}"
EndProject
Project("{FAE04EC0-301F-11D3-BF4B-00C04F79EFBC}") = "LP.Exams.BusinessLayer.Tests", "LP.Exams.BusinessLayer.Tests\LP.Exams.BusinessLayer.Tests.csproj", "{74E461EF-D53A-4083-B058-676A9FC3E087}"
EndProject
Project("{FAE04EC0-301F-11D3-BF4B-00C04F79EFBC}") = "LP.Exams.Tests", "LP.Exams.Tests\LP.Exams.Tests.csproj", "{40B17BC9-6A3D-42B0-A8CE-443F0799A31D}"
EndProject
Project("{2150E333-8FDC-42A3-9474-1A3956D46DE8}") = "Exams", "Exams", "{6104120C-4CA4-48E7-9D09-EFF6A0901539}"
EndProject
Project("{FAE04EC0-301F-11D3-BF4B-00C04F79EFBC}") = "LP.PresentationLayer", "LP.PresentationLayer\LP.PresentationLayer.csproj", "{83829740-99C8-44C1-A9D3-563D397AE009}"
EndProject
Project("{FAE04EC0-301F-11D3-BF4B-00C04F79EFBC}") = "LP.PresentationLayer.Tests", "LP.PresentationLayer.Tests\LP.PresentationLayer.Tests.csproj", "{23F7C69A-D485-4727-82C4-0120072199D1}"
EndProject
Project("{FAE04EC0-301F-11D3-BF4B-00C04F79EFBC}") = "LP.Content", "LP.Content\LP.Content.csproj", "{1E92AB3A-8F9A-45EF-BBD2-EB475D09947B}"
EndProject
Project("{2150E333-8FDC-42A3-9474-1A3956D46DE8}") = "Content", "Content", "{EDD3AACA-D3BF-4414-88AD-8BB97F0E0101}"
EndProject
Project("{FAE04EC0-301F-11D3-BF4B-00C04F79EFBC}") = "LP.Content.Tests", "LP.Content.Tests\LP.Content.Tests.csproj", "{F75CD349-B42C-4C41-8825-5939F714C54B}"
EndProject
Project("{FAE04EC0-301F-11D3-BF4B-00C04F79EFBC}") = "LP.Content.BusinessLayer", "LP.Content.BusinessLayer\LP.Content.BusinessLayer.csproj", "{D90AD80D-A403-4C02-9B9F-9F32CA62E865}"
EndProject
Project("{FAE04EC0-301F-11D3-BF4B-00C04F79EFBC}") = "LP.Content.BusinessLayer.Tests", "LP.Content.BusinessLayer.Tests\LP.Content.BusinessLayer.Tests.csproj", "{6ADDB16A-1827-4921-BA01-A1D913065413}"
EndProject
Project("{FAE04EC0-301F-11D3-BF4B-00C04F79EFBC}") = "LP.EntityModels", "LP.EntityModels\LP.EntityModels.csproj", "{02966B54-E3BE-4915-8400-A6B1EE91F8C5}"
EndProject
Project("{FAE04EC0-301F-11D3-BF4B-00C04F79EFBC}") = "LP.Host.Integration", "LP.Host.Integration\LP.Host.Integration.csproj", "{0E1A7DDC-3BA8-4F15-8B80-B7A88445587C}"
EndProject
Project("{2150E333-8FDC-42A3-9474-1A3956D46DE8}") = "Solution Items", "Solution Items", "{5762CC3B-DBBA-48F0-87EB-FDC36F9DDB3B}"
	ProjectSection(SolutionItems) = preProject
		Performance1.psess = Performance1.psess
		Performance2.psess = Performance2.psess
	EndProjectSection
EndProject
Global
	GlobalSection(SolutionConfigurationPlatforms) = preSolution
		Debug|Any CPU = Debug|Any CPU
		Eylea_Int|Any CPU = Eylea_Int|Any CPU
		Eylea_Live|Any CPU = Eylea_Live|Any CPU
		Eylea_Preview|Any CPU = Eylea_Preview|Any CPU
		Eylea_Qa|Any CPU = Eylea_Qa|Any CPU
		Int|Any CPU = Int|Any CPU
		live|Any CPU = live|Any CPU
		preview|Any CPU = preview|Any CPU
		qa|Any CPU = qa|Any CPU
		Release|Any CPU = Release|Any CPU
		Xlr_Int|Any CPU = Xlr_Int|Any CPU
		Xlr_Qa|Any CPU = Xlr_Qa|Any CPU
	EndGlobalSection
	GlobalSection(ProjectConfigurationPlatforms) = postSolution
		{E9E4451D-4737-4148-B1ED-5DEF0B875B27}.Debug|Any CPU.ActiveCfg = Debug|Any CPU
		{E9E4451D-4737-4148-B1ED-5DEF0B875B27}.Debug|Any CPU.Build.0 = Debug|Any CPU
		{E9E4451D-4737-4148-B1ED-5DEF0B875B27}.Eylea_Int|Any CPU.ActiveCfg = Eylea_Int|Any CPU
		{E9E4451D-4737-4148-B1ED-5DEF0B875B27}.Eylea_Int|Any CPU.Build.0 = Eylea_Int|Any CPU
		{E9E4451D-4737-4148-B1ED-5DEF0B875B27}.Eylea_Live|Any CPU.ActiveCfg = Eylea_Live|Any CPU
		{E9E4451D-4737-4148-B1ED-5DEF0B875B27}.Eylea_Live|Any CPU.Build.0 = Eylea_Live|Any CPU
		{E9E4451D-4737-4148-B1ED-5DEF0B875B27}.Eylea_Preview|Any CPU.ActiveCfg = Eylea_Preview|Any CPU
		{E9E4451D-4737-4148-B1ED-5DEF0B875B27}.Eylea_Preview|Any CPU.Build.0 = Eylea_Preview|Any CPU
		{E9E4451D-4737-4148-B1ED-5DEF0B875B27}.Eylea_Qa|Any CPU.ActiveCfg = Eylea_Qa|Any CPU
		{E9E4451D-4737-4148-B1ED-5DEF0B875B27}.Eylea_Qa|Any CPU.Build.0 = Eylea_Qa|Any CPU
		{E9E4451D-4737-4148-B1ED-5DEF0B875B27}.Int|Any CPU.ActiveCfg = Int|Any CPU
		{E9E4451D-4737-4148-B1ED-5DEF0B875B27}.Int|Any CPU.Build.0 = Int|Any CPU
		{E9E4451D-4737-4148-B1ED-5DEF0B875B27}.live|Any CPU.ActiveCfg = Release|Any CPU
		{E9E4451D-4737-4148-B1ED-5DEF0B875B27}.live|Any CPU.Build.0 = Release|Any CPU
		{E9E4451D-4737-4148-B1ED-5DEF0B875B27}.preview|Any CPU.ActiveCfg = Release|Any CPU
		{E9E4451D-4737-4148-B1ED-5DEF0B875B27}.preview|Any CPU.Build.0 = Release|Any CPU
		{E9E4451D-4737-4148-B1ED-5DEF0B875B27}.qa|Any CPU.ActiveCfg = Release|Any CPU
		{E9E4451D-4737-4148-B1ED-5DEF0B875B27}.qa|Any CPU.Build.0 = Release|Any CPU
		{E9E4451D-4737-4148-B1ED-5DEF0B875B27}.Release|Any CPU.ActiveCfg = Release|Any CPU
		{E9E4451D-4737-4148-B1ED-5DEF0B875B27}.Release|Any CPU.Build.0 = Release|Any CPU
		{E9E4451D-4737-4148-B1ED-5DEF0B875B27}.Xlr_Int|Any CPU.ActiveCfg = Xlr_Int|Any CPU
		{E9E4451D-4737-4148-B1ED-5DEF0B875B27}.Xlr_Int|Any CPU.Build.0 = Xlr_Int|Any CPU
		{E9E4451D-4737-4148-B1ED-5DEF0B875B27}.Xlr_Qa|Any CPU.ActiveCfg = Xlr_Qa|Any CPU
		{E9E4451D-4737-4148-B1ED-5DEF0B875B27}.Xlr_Qa|Any CPU.Build.0 = Xlr_Qa|Any CPU
		{CD665372-8DE6-4609-9FB7-9CC8DA31BCB0}.Debug|Any CPU.ActiveCfg = Debug|Any CPU
		{CD665372-8DE6-4609-9FB7-9CC8DA31BCB0}.Debug|Any CPU.Build.0 = Debug|Any CPU
		{CD665372-8DE6-4609-9FB7-9CC8DA31BCB0}.Eylea_Int|Any CPU.ActiveCfg = Eylea_Int|Any CPU
		{CD665372-8DE6-4609-9FB7-9CC8DA31BCB0}.Eylea_Int|Any CPU.Build.0 = Eylea_Int|Any CPU
		{CD665372-8DE6-4609-9FB7-9CC8DA31BCB0}.Eylea_Live|Any CPU.ActiveCfg = Eylea_Live|Any CPU
		{CD665372-8DE6-4609-9FB7-9CC8DA31BCB0}.Eylea_Live|Any CPU.Build.0 = Eylea_Live|Any CPU
		{CD665372-8DE6-4609-9FB7-9CC8DA31BCB0}.Eylea_Preview|Any CPU.ActiveCfg = Eylea_Preview|Any CPU
		{CD665372-8DE6-4609-9FB7-9CC8DA31BCB0}.Eylea_Preview|Any CPU.Build.0 = Eylea_Preview|Any CPU
		{CD665372-8DE6-4609-9FB7-9CC8DA31BCB0}.Eylea_Qa|Any CPU.ActiveCfg = Eylea_Qa|Any CPU
		{CD665372-8DE6-4609-9FB7-9CC8DA31BCB0}.Eylea_Qa|Any CPU.Build.0 = Eylea_Qa|Any CPU
		{CD665372-8DE6-4609-9FB7-9CC8DA31BCB0}.Int|Any CPU.ActiveCfg = Int|Any CPU
		{CD665372-8DE6-4609-9FB7-9CC8DA31BCB0}.Int|Any CPU.Build.0 = Int|Any CPU
		{CD665372-8DE6-4609-9FB7-9CC8DA31BCB0}.live|Any CPU.ActiveCfg = Release|Any CPU
		{CD665372-8DE6-4609-9FB7-9CC8DA31BCB0}.live|Any CPU.Build.0 = Release|Any CPU
		{CD665372-8DE6-4609-9FB7-9CC8DA31BCB0}.preview|Any CPU.ActiveCfg = Release|Any CPU
		{CD665372-8DE6-4609-9FB7-9CC8DA31BCB0}.preview|Any CPU.Build.0 = Release|Any CPU
		{CD665372-8DE6-4609-9FB7-9CC8DA31BCB0}.qa|Any CPU.ActiveCfg = Release|Any CPU
		{CD665372-8DE6-4609-9FB7-9CC8DA31BCB0}.qa|Any CPU.Build.0 = Release|Any CPU
		{CD665372-8DE6-4609-9FB7-9CC8DA31BCB0}.Release|Any CPU.ActiveCfg = Release|Any CPU
		{CD665372-8DE6-4609-9FB7-9CC8DA31BCB0}.Release|Any CPU.Build.0 = Release|Any CPU
		{CD665372-8DE6-4609-9FB7-9CC8DA31BCB0}.Xlr_Int|Any CPU.ActiveCfg = Xlr_Int|Any CPU
		{CD665372-8DE6-4609-9FB7-9CC8DA31BCB0}.Xlr_Int|Any CPU.Build.0 = Xlr_Int|Any CPU
		{CD665372-8DE6-4609-9FB7-9CC8DA31BCB0}.Xlr_Qa|Any CPU.ActiveCfg = Xlr_Qa|Any CPU
		{CD665372-8DE6-4609-9FB7-9CC8DA31BCB0}.Xlr_Qa|Any CPU.Build.0 = Xlr_Qa|Any CPU
		{C020E1CF-53E3-4902-855E-E5F77C94923C}.Debug|Any CPU.ActiveCfg = Debug|Any CPU
		{C020E1CF-53E3-4902-855E-E5F77C94923C}.Debug|Any CPU.Build.0 = Debug|Any CPU
		{C020E1CF-53E3-4902-855E-E5F77C94923C}.Eylea_Int|Any CPU.ActiveCfg = Eylea_Int|Any CPU
		{C020E1CF-53E3-4902-855E-E5F77C94923C}.Eylea_Int|Any CPU.Build.0 = Eylea_Int|Any CPU
		{C020E1CF-53E3-4902-855E-E5F77C94923C}.Eylea_Live|Any CPU.ActiveCfg = Eylea_Live|Any CPU
		{C020E1CF-53E3-4902-855E-E5F77C94923C}.Eylea_Live|Any CPU.Build.0 = Eylea_Live|Any CPU
		{C020E1CF-53E3-4902-855E-E5F77C94923C}.Eylea_Preview|Any CPU.ActiveCfg = Eylea_Preview|Any CPU
		{C020E1CF-53E3-4902-855E-E5F77C94923C}.Eylea_Preview|Any CPU.Build.0 = Eylea_Preview|Any CPU
		{C020E1CF-53E3-4902-855E-E5F77C94923C}.Eylea_Qa|Any CPU.ActiveCfg = Eylea_Qa|Any CPU
		{C020E1CF-53E3-4902-855E-E5F77C94923C}.Eylea_Qa|Any CPU.Build.0 = Eylea_Qa|Any CPU
		{C020E1CF-53E3-4902-855E-E5F77C94923C}.Int|Any CPU.ActiveCfg = Int|Any CPU
		{C020E1CF-53E3-4902-855E-E5F77C94923C}.Int|Any CPU.Build.0 = Int|Any CPU
		{C020E1CF-53E3-4902-855E-E5F77C94923C}.live|Any CPU.ActiveCfg = Release|Any CPU
		{C020E1CF-53E3-4902-855E-E5F77C94923C}.live|Any CPU.Build.0 = Release|Any CPU
		{C020E1CF-53E3-4902-855E-E5F77C94923C}.preview|Any CPU.ActiveCfg = Release|Any CPU
		{C020E1CF-53E3-4902-855E-E5F77C94923C}.preview|Any CPU.Build.0 = Release|Any CPU
		{C020E1CF-53E3-4902-855E-E5F77C94923C}.qa|Any CPU.ActiveCfg = Release|Any CPU
		{C020E1CF-53E3-4902-855E-E5F77C94923C}.qa|Any CPU.Build.0 = Release|Any CPU
		{C020E1CF-53E3-4902-855E-E5F77C94923C}.Release|Any CPU.ActiveCfg = Release|Any CPU
		{C020E1CF-53E3-4902-855E-E5F77C94923C}.Release|Any CPU.Build.0 = Release|Any CPU
		{C020E1CF-53E3-4902-855E-E5F77C94923C}.Xlr_Int|Any CPU.ActiveCfg = Xlr_Int|Any CPU
		{C020E1CF-53E3-4902-855E-E5F77C94923C}.Xlr_Int|Any CPU.Build.0 = Xlr_Int|Any CPU
		{C020E1CF-53E3-4902-855E-E5F77C94923C}.Xlr_Qa|Any CPU.ActiveCfg = Xlr_Qa|Any CPU
		{C020E1CF-53E3-4902-855E-E5F77C94923C}.Xlr_Qa|Any CPU.Build.0 = Xlr_Qa|Any CPU
		{C5B23EC9-89F0-4F80-9FA2-C03494149471}.Debug|Any CPU.ActiveCfg = Debug|Any CPU
		{C5B23EC9-89F0-4F80-9FA2-C03494149471}.Debug|Any CPU.Build.0 = Debug|Any CPU
		{C5B23EC9-89F0-4F80-9FA2-C03494149471}.Eylea_Int|Any CPU.ActiveCfg = Eylea_Int|Any CPU
		{C5B23EC9-89F0-4F80-9FA2-C03494149471}.Eylea_Int|Any CPU.Build.0 = Eylea_Int|Any CPU
		{C5B23EC9-89F0-4F80-9FA2-C03494149471}.Eylea_Live|Any CPU.ActiveCfg = Eylea_Live|Any CPU
		{C5B23EC9-89F0-4F80-9FA2-C03494149471}.Eylea_Live|Any CPU.Build.0 = Eylea_Live|Any CPU
		{C5B23EC9-89F0-4F80-9FA2-C03494149471}.Eylea_Preview|Any CPU.ActiveCfg = Eylea_Preview|Any CPU
		{C5B23EC9-89F0-4F80-9FA2-C03494149471}.Eylea_Preview|Any CPU.Build.0 = Eylea_Preview|Any CPU
		{C5B23EC9-89F0-4F80-9FA2-C03494149471}.Eylea_Qa|Any CPU.ActiveCfg = Eylea_Qa|Any CPU
		{C5B23EC9-89F0-4F80-9FA2-C03494149471}.Eylea_Qa|Any CPU.Build.0 = Eylea_Qa|Any CPU
		{C5B23EC9-89F0-4F80-9FA2-C03494149471}.Int|Any CPU.ActiveCfg = Int|Any CPU
		{C5B23EC9-89F0-4F80-9FA2-C03494149471}.Int|Any CPU.Build.0 = Int|Any CPU
		{C5B23EC9-89F0-4F80-9FA2-C03494149471}.live|Any CPU.ActiveCfg = Release|Any CPU
		{C5B23EC9-89F0-4F80-9FA2-C03494149471}.live|Any CPU.Build.0 = Release|Any CPU
		{C5B23EC9-89F0-4F80-9FA2-C03494149471}.preview|Any CPU.ActiveCfg = Release|Any CPU
		{C5B23EC9-89F0-4F80-9FA2-C03494149471}.preview|Any CPU.Build.0 = Release|Any CPU
		{C5B23EC9-89F0-4F80-9FA2-C03494149471}.qa|Any CPU.ActiveCfg = Release|Any CPU
		{C5B23EC9-89F0-4F80-9FA2-C03494149471}.qa|Any CPU.Build.0 = Release|Any CPU
		{C5B23EC9-89F0-4F80-9FA2-C03494149471}.Release|Any CPU.ActiveCfg = Release|Any CPU
		{C5B23EC9-89F0-4F80-9FA2-C03494149471}.Release|Any CPU.Build.0 = Release|Any CPU
		{C5B23EC9-89F0-4F80-9FA2-C03494149471}.Xlr_Int|Any CPU.ActiveCfg = Xlr_Int|Any CPU
		{C5B23EC9-89F0-4F80-9FA2-C03494149471}.Xlr_Int|Any CPU.Build.0 = Xlr_Int|Any CPU
		{C5B23EC9-89F0-4F80-9FA2-C03494149471}.Xlr_Qa|Any CPU.ActiveCfg = Xlr_Qa|Any CPU
		{C5B23EC9-89F0-4F80-9FA2-C03494149471}.Xlr_Qa|Any CPU.Build.0 = Xlr_Qa|Any CPU
		{39C84118-A0F7-45B9-A21C-C1B7BC73E99F}.Debug|Any CPU.ActiveCfg = Debug|Any CPU
		{39C84118-A0F7-45B9-A21C-C1B7BC73E99F}.Debug|Any CPU.Build.0 = Debug|Any CPU
		{39C84118-A0F7-45B9-A21C-C1B7BC73E99F}.Eylea_Int|Any CPU.ActiveCfg = Eylea_Int|Any CPU
		{39C84118-A0F7-45B9-A21C-C1B7BC73E99F}.Eylea_Int|Any CPU.Build.0 = Eylea_Int|Any CPU
		{39C84118-A0F7-45B9-A21C-C1B7BC73E99F}.Eylea_Live|Any CPU.ActiveCfg = Eylea_Live|Any CPU
		{39C84118-A0F7-45B9-A21C-C1B7BC73E99F}.Eylea_Live|Any CPU.Build.0 = Eylea_Live|Any CPU
		{39C84118-A0F7-45B9-A21C-C1B7BC73E99F}.Eylea_Preview|Any CPU.ActiveCfg = Eylea_Preview|Any CPU
		{39C84118-A0F7-45B9-A21C-C1B7BC73E99F}.Eylea_Preview|Any CPU.Build.0 = Eylea_Preview|Any CPU
		{39C84118-A0F7-45B9-A21C-C1B7BC73E99F}.Eylea_Qa|Any CPU.ActiveCfg = Eylea_Qa|Any CPU
		{39C84118-A0F7-45B9-A21C-C1B7BC73E99F}.Eylea_Qa|Any CPU.Build.0 = Eylea_Qa|Any CPU
		{39C84118-A0F7-45B9-A21C-C1B7BC73E99F}.Int|Any CPU.ActiveCfg = Int|Any CPU
		{39C84118-A0F7-45B9-A21C-C1B7BC73E99F}.Int|Any CPU.Build.0 = Int|Any CPU
		{39C84118-A0F7-45B9-A21C-C1B7BC73E99F}.live|Any CPU.ActiveCfg = Release|Any CPU
		{39C84118-A0F7-45B9-A21C-C1B7BC73E99F}.live|Any CPU.Build.0 = Release|Any CPU
		{39C84118-A0F7-45B9-A21C-C1B7BC73E99F}.preview|Any CPU.ActiveCfg = Release|Any CPU
		{39C84118-A0F7-45B9-A21C-C1B7BC73E99F}.preview|Any CPU.Build.0 = Release|Any CPU
		{39C84118-A0F7-45B9-A21C-C1B7BC73E99F}.qa|Any CPU.ActiveCfg = Release|Any CPU
		{39C84118-A0F7-45B9-A21C-C1B7BC73E99F}.qa|Any CPU.Build.0 = Release|Any CPU
		{39C84118-A0F7-45B9-A21C-C1B7BC73E99F}.Release|Any CPU.ActiveCfg = Release|Any CPU
		{39C84118-A0F7-45B9-A21C-C1B7BC73E99F}.Release|Any CPU.Build.0 = Release|Any CPU
		{39C84118-A0F7-45B9-A21C-C1B7BC73E99F}.Xlr_Int|Any CPU.ActiveCfg = Xlr_Int|Any CPU
		{39C84118-A0F7-45B9-A21C-C1B7BC73E99F}.Xlr_Int|Any CPU.Build.0 = Xlr_Int|Any CPU
		{39C84118-A0F7-45B9-A21C-C1B7BC73E99F}.Xlr_Qa|Any CPU.ActiveCfg = Xlr_Qa|Any CPU
		{39C84118-A0F7-45B9-A21C-C1B7BC73E99F}.Xlr_Qa|Any CPU.Build.0 = Xlr_Qa|Any CPU
		{E0C84EBF-5681-4C0E-9D88-37902EE3DFA5}.Debug|Any CPU.ActiveCfg = Debug|Any CPU
		{E0C84EBF-5681-4C0E-9D88-37902EE3DFA5}.Debug|Any CPU.Build.0 = Debug|Any CPU
		{E0C84EBF-5681-4C0E-9D88-37902EE3DFA5}.Eylea_Int|Any CPU.ActiveCfg = Eylea_Int|Any CPU
		{E0C84EBF-5681-4C0E-9D88-37902EE3DFA5}.Eylea_Int|Any CPU.Build.0 = Eylea_Int|Any CPU
		{E0C84EBF-5681-4C0E-9D88-37902EE3DFA5}.Eylea_Live|Any CPU.ActiveCfg = Eylea_Live|Any CPU
		{E0C84EBF-5681-4C0E-9D88-37902EE3DFA5}.Eylea_Live|Any CPU.Build.0 = Eylea_Live|Any CPU
		{E0C84EBF-5681-4C0E-9D88-37902EE3DFA5}.Eylea_Preview|Any CPU.ActiveCfg = Eylea_Preview|Any CPU
		{E0C84EBF-5681-4C0E-9D88-37902EE3DFA5}.Eylea_Preview|Any CPU.Build.0 = Eylea_Preview|Any CPU
		{E0C84EBF-5681-4C0E-9D88-37902EE3DFA5}.Eylea_Qa|Any CPU.ActiveCfg = Eylea_Qa|Any CPU
		{E0C84EBF-5681-4C0E-9D88-37902EE3DFA5}.Eylea_Qa|Any CPU.Build.0 = Eylea_Qa|Any CPU
		{E0C84EBF-5681-4C0E-9D88-37902EE3DFA5}.Int|Any CPU.ActiveCfg = Int|Any CPU
		{E0C84EBF-5681-4C0E-9D88-37902EE3DFA5}.Int|Any CPU.Build.0 = Int|Any CPU
		{E0C84EBF-5681-4C0E-9D88-37902EE3DFA5}.live|Any CPU.ActiveCfg = Release|Any CPU
		{E0C84EBF-5681-4C0E-9D88-37902EE3DFA5}.live|Any CPU.Build.0 = Release|Any CPU
		{E0C84EBF-5681-4C0E-9D88-37902EE3DFA5}.preview|Any CPU.ActiveCfg = Release|Any CPU
		{E0C84EBF-5681-4C0E-9D88-37902EE3DFA5}.preview|Any CPU.Build.0 = Release|Any CPU
		{E0C84EBF-5681-4C0E-9D88-37902EE3DFA5}.qa|Any CPU.ActiveCfg = Release|Any CPU
		{E0C84EBF-5681-4C0E-9D88-37902EE3DFA5}.qa|Any CPU.Build.0 = Release|Any CPU
		{E0C84EBF-5681-4C0E-9D88-37902EE3DFA5}.Release|Any CPU.ActiveCfg = Release|Any CPU
		{E0C84EBF-5681-4C0E-9D88-37902EE3DFA5}.Release|Any CPU.Build.0 = Release|Any CPU
		{E0C84EBF-5681-4C0E-9D88-37902EE3DFA5}.Xlr_Int|Any CPU.ActiveCfg = Xlr_Int|Any CPU
		{E0C84EBF-5681-4C0E-9D88-37902EE3DFA5}.Xlr_Int|Any CPU.Build.0 = Xlr_Int|Any CPU
		{E0C84EBF-5681-4C0E-9D88-37902EE3DFA5}.Xlr_Qa|Any CPU.ActiveCfg = Xlr_Qa|Any CPU
		{E0C84EBF-5681-4C0E-9D88-37902EE3DFA5}.Xlr_Qa|Any CPU.Build.0 = Xlr_Qa|Any CPU
		{1FAB0F7B-21AD-4AEB-9D89-FA16CEE200AE}.Debug|Any CPU.ActiveCfg = Debug|Any CPU
		{1FAB0F7B-21AD-4AEB-9D89-FA16CEE200AE}.Debug|Any CPU.Build.0 = Debug|Any CPU
		{1FAB0F7B-21AD-4AEB-9D89-FA16CEE200AE}.Eylea_Int|Any CPU.ActiveCfg = Eylea_Int|Any CPU
		{1FAB0F7B-21AD-4AEB-9D89-FA16CEE200AE}.Eylea_Int|Any CPU.Build.0 = Eylea_Int|Any CPU
		{1FAB0F7B-21AD-4AEB-9D89-FA16CEE200AE}.Eylea_Live|Any CPU.ActiveCfg = Eylea_Live|Any CPU
		{1FAB0F7B-21AD-4AEB-9D89-FA16CEE200AE}.Eylea_Live|Any CPU.Build.0 = Eylea_Live|Any CPU
		{1FAB0F7B-21AD-4AEB-9D89-FA16CEE200AE}.Eylea_Preview|Any CPU.ActiveCfg = Eylea_Preview|Any CPU
		{1FAB0F7B-21AD-4AEB-9D89-FA16CEE200AE}.Eylea_Preview|Any CPU.Build.0 = Eylea_Preview|Any CPU
		{1FAB0F7B-21AD-4AEB-9D89-FA16CEE200AE}.Eylea_Qa|Any CPU.ActiveCfg = Eylea_Qa|Any CPU
		{1FAB0F7B-21AD-4AEB-9D89-FA16CEE200AE}.Eylea_Qa|Any CPU.Build.0 = Eylea_Qa|Any CPU
		{1FAB0F7B-21AD-4AEB-9D89-FA16CEE200AE}.Int|Any CPU.ActiveCfg = Int|Any CPU
		{1FAB0F7B-21AD-4AEB-9D89-FA16CEE200AE}.Int|Any CPU.Build.0 = Int|Any CPU
		{1FAB0F7B-21AD-4AEB-9D89-FA16CEE200AE}.live|Any CPU.ActiveCfg = Release|Any CPU
		{1FAB0F7B-21AD-4AEB-9D89-FA16CEE200AE}.live|Any CPU.Build.0 = Release|Any CPU
		{1FAB0F7B-21AD-4AEB-9D89-FA16CEE200AE}.preview|Any CPU.ActiveCfg = Release|Any CPU
		{1FAB0F7B-21AD-4AEB-9D89-FA16CEE200AE}.preview|Any CPU.Build.0 = Release|Any CPU
		{1FAB0F7B-21AD-4AEB-9D89-FA16CEE200AE}.qa|Any CPU.ActiveCfg = Release|Any CPU
		{1FAB0F7B-21AD-4AEB-9D89-FA16CEE200AE}.qa|Any CPU.Build.0 = Release|Any CPU
		{1FAB0F7B-21AD-4AEB-9D89-FA16CEE200AE}.Release|Any CPU.ActiveCfg = Release|Any CPU
		{1FAB0F7B-21AD-4AEB-9D89-FA16CEE200AE}.Release|Any CPU.Build.0 = Release|Any CPU
		{1FAB0F7B-21AD-4AEB-9D89-FA16CEE200AE}.Xlr_Int|Any CPU.ActiveCfg = Xlr_Int|Any CPU
		{1FAB0F7B-21AD-4AEB-9D89-FA16CEE200AE}.Xlr_Int|Any CPU.Build.0 = Xlr_Int|Any CPU
		{1FAB0F7B-21AD-4AEB-9D89-FA16CEE200AE}.Xlr_Qa|Any CPU.ActiveCfg = Xlr_Qa|Any CPU
		{1FAB0F7B-21AD-4AEB-9D89-FA16CEE200AE}.Xlr_Qa|Any CPU.Build.0 = Xlr_Qa|Any CPU
		{1C0FF499-3B9A-4AFA-BC91-52DF6DD8C98E}.Debug|Any CPU.ActiveCfg = Debug|Any CPU
		{1C0FF499-3B9A-4AFA-BC91-52DF6DD8C98E}.Debug|Any CPU.Build.0 = Debug|Any CPU
		{1C0FF499-3B9A-4AFA-BC91-52DF6DD8C98E}.Eylea_Int|Any CPU.ActiveCfg = Eylea_Int|Any CPU
		{1C0FF499-3B9A-4AFA-BC91-52DF6DD8C98E}.Eylea_Int|Any CPU.Build.0 = Eylea_Int|Any CPU
		{1C0FF499-3B9A-4AFA-BC91-52DF6DD8C98E}.Eylea_Live|Any CPU.ActiveCfg = Eylea_Live|Any CPU
		{1C0FF499-3B9A-4AFA-BC91-52DF6DD8C98E}.Eylea_Live|Any CPU.Build.0 = Eylea_Live|Any CPU
		{1C0FF499-3B9A-4AFA-BC91-52DF6DD8C98E}.Eylea_Preview|Any CPU.ActiveCfg = Eylea_Preview|Any CPU
		{1C0FF499-3B9A-4AFA-BC91-52DF6DD8C98E}.Eylea_Preview|Any CPU.Build.0 = Eylea_Preview|Any CPU
		{1C0FF499-3B9A-4AFA-BC91-52DF6DD8C98E}.Eylea_Qa|Any CPU.ActiveCfg = Eylea_Qa|Any CPU
		{1C0FF499-3B9A-4AFA-BC91-52DF6DD8C98E}.Eylea_Qa|Any CPU.Build.0 = Eylea_Qa|Any CPU
		{1C0FF499-3B9A-4AFA-BC91-52DF6DD8C98E}.Int|Any CPU.ActiveCfg = Int|Any CPU
		{1C0FF499-3B9A-4AFA-BC91-52DF6DD8C98E}.Int|Any CPU.Build.0 = Int|Any CPU
		{1C0FF499-3B9A-4AFA-BC91-52DF6DD8C98E}.live|Any CPU.ActiveCfg = Release|Any CPU
		{1C0FF499-3B9A-4AFA-BC91-52DF6DD8C98E}.live|Any CPU.Build.0 = Release|Any CPU
		{1C0FF499-3B9A-4AFA-BC91-52DF6DD8C98E}.preview|Any CPU.ActiveCfg = Release|Any CPU
		{1C0FF499-3B9A-4AFA-BC91-52DF6DD8C98E}.preview|Any CPU.Build.0 = Release|Any CPU
		{1C0FF499-3B9A-4AFA-BC91-52DF6DD8C98E}.qa|Any CPU.ActiveCfg = Release|Any CPU
		{1C0FF499-3B9A-4AFA-BC91-52DF6DD8C98E}.qa|Any CPU.Build.0 = Release|Any CPU
		{1C0FF499-3B9A-4AFA-BC91-52DF6DD8C98E}.Release|Any CPU.ActiveCfg = Release|Any CPU
		{1C0FF499-3B9A-4AFA-BC91-52DF6DD8C98E}.Release|Any CPU.Build.0 = Release|Any CPU
		{1C0FF499-3B9A-4AFA-BC91-52DF6DD8C98E}.Xlr_Int|Any CPU.ActiveCfg = Xlr_Int|Any CPU
		{1C0FF499-3B9A-4AFA-BC91-52DF6DD8C98E}.Xlr_Int|Any CPU.Build.0 = Xlr_Int|Any CPU
		{1C0FF499-3B9A-4AFA-BC91-52DF6DD8C98E}.Xlr_Qa|Any CPU.ActiveCfg = Xlr_Qa|Any CPU
		{1C0FF499-3B9A-4AFA-BC91-52DF6DD8C98E}.Xlr_Qa|Any CPU.Build.0 = Xlr_Qa|Any CPU
		{1745930F-69F3-4E90-944D-1FB86E1F0D53}.Debug|Any CPU.ActiveCfg = Debug|Any CPU
		{1745930F-69F3-4E90-944D-1FB86E1F0D53}.Debug|Any CPU.Build.0 = Debug|Any CPU
		{1745930F-69F3-4E90-944D-1FB86E1F0D53}.Eylea_Int|Any CPU.ActiveCfg = Eylea_Int|Any CPU
		{1745930F-69F3-4E90-944D-1FB86E1F0D53}.Eylea_Int|Any CPU.Build.0 = Eylea_Int|Any CPU
		{1745930F-69F3-4E90-944D-1FB86E1F0D53}.Eylea_Live|Any CPU.ActiveCfg = Eylea_Live|Any CPU
		{1745930F-69F3-4E90-944D-1FB86E1F0D53}.Eylea_Live|Any CPU.Build.0 = Eylea_Live|Any CPU
		{1745930F-69F3-4E90-944D-1FB86E1F0D53}.Eylea_Preview|Any CPU.ActiveCfg = Eylea_Preview|Any CPU
		{1745930F-69F3-4E90-944D-1FB86E1F0D53}.Eylea_Preview|Any CPU.Build.0 = Eylea_Preview|Any CPU
		{1745930F-69F3-4E90-944D-1FB86E1F0D53}.Eylea_Qa|Any CPU.ActiveCfg = Eylea_Qa|Any CPU
		{1745930F-69F3-4E90-944D-1FB86E1F0D53}.Eylea_Qa|Any CPU.Build.0 = Eylea_Qa|Any CPU
		{1745930F-69F3-4E90-944D-1FB86E1F0D53}.Int|Any CPU.ActiveCfg = Int|Any CPU
		{1745930F-69F3-4E90-944D-1FB86E1F0D53}.Int|Any CPU.Build.0 = Int|Any CPU
		{1745930F-69F3-4E90-944D-1FB86E1F0D53}.live|Any CPU.ActiveCfg = Release|Any CPU
		{1745930F-69F3-4E90-944D-1FB86E1F0D53}.live|Any CPU.Build.0 = Release|Any CPU
		{1745930F-69F3-4E90-944D-1FB86E1F0D53}.preview|Any CPU.ActiveCfg = Release|Any CPU
		{1745930F-69F3-4E90-944D-1FB86E1F0D53}.preview|Any CPU.Build.0 = Release|Any CPU
		{1745930F-69F3-4E90-944D-1FB86E1F0D53}.qa|Any CPU.ActiveCfg = Release|Any CPU
		{1745930F-69F3-4E90-944D-1FB86E1F0D53}.qa|Any CPU.Build.0 = Release|Any CPU
		{1745930F-69F3-4E90-944D-1FB86E1F0D53}.Release|Any CPU.ActiveCfg = Release|Any CPU
		{1745930F-69F3-4E90-944D-1FB86E1F0D53}.Release|Any CPU.Build.0 = Release|Any CPU
		{1745930F-69F3-4E90-944D-1FB86E1F0D53}.Xlr_Int|Any CPU.ActiveCfg = Xlr_Int|Any CPU
		{1745930F-69F3-4E90-944D-1FB86E1F0D53}.Xlr_Int|Any CPU.Build.0 = Xlr_Int|Any CPU
		{1745930F-69F3-4E90-944D-1FB86E1F0D53}.Xlr_Qa|Any CPU.ActiveCfg = Xlr_Qa|Any CPU
		{1745930F-69F3-4E90-944D-1FB86E1F0D53}.Xlr_Qa|Any CPU.Build.0 = Xlr_Qa|Any CPU
		{CD0C4888-4E51-4034-BE01-74842FB9E12B}.Debug|Any CPU.ActiveCfg = Debug|Any CPU
		{CD0C4888-4E51-4034-BE01-74842FB9E12B}.Debug|Any CPU.Build.0 = Debug|Any CPU
		{CD0C4888-4E51-4034-BE01-74842FB9E12B}.Eylea_Int|Any CPU.ActiveCfg = Eylea_Int|Any CPU
		{CD0C4888-4E51-4034-BE01-74842FB9E12B}.Eylea_Int|Any CPU.Build.0 = Eylea_Int|Any CPU
		{CD0C4888-4E51-4034-BE01-74842FB9E12B}.Eylea_Live|Any CPU.ActiveCfg = Eylea_Live|Any CPU
		{CD0C4888-4E51-4034-BE01-74842FB9E12B}.Eylea_Live|Any CPU.Build.0 = Eylea_Live|Any CPU
		{CD0C4888-4E51-4034-BE01-74842FB9E12B}.Eylea_Preview|Any CPU.ActiveCfg = Eylea_Preview|Any CPU
		{CD0C4888-4E51-4034-BE01-74842FB9E12B}.Eylea_Preview|Any CPU.Build.0 = Eylea_Preview|Any CPU
		{CD0C4888-4E51-4034-BE01-74842FB9E12B}.Eylea_Qa|Any CPU.ActiveCfg = Eylea_Qa|Any CPU
		{CD0C4888-4E51-4034-BE01-74842FB9E12B}.Eylea_Qa|Any CPU.Build.0 = Eylea_Qa|Any CPU
		{CD0C4888-4E51-4034-BE01-74842FB9E12B}.Int|Any CPU.ActiveCfg = Int|Any CPU
		{CD0C4888-4E51-4034-BE01-74842FB9E12B}.Int|Any CPU.Build.0 = Int|Any CPU
		{CD0C4888-4E51-4034-BE01-74842FB9E12B}.live|Any CPU.ActiveCfg = Release|Any CPU
		{CD0C4888-4E51-4034-BE01-74842FB9E12B}.live|Any CPU.Build.0 = Release|Any CPU
		{CD0C4888-4E51-4034-BE01-74842FB9E12B}.preview|Any CPU.ActiveCfg = Release|Any CPU
		{CD0C4888-4E51-4034-BE01-74842FB9E12B}.preview|Any CPU.Build.0 = Release|Any CPU
		{CD0C4888-4E51-4034-BE01-74842FB9E12B}.qa|Any CPU.ActiveCfg = Release|Any CPU
		{CD0C4888-4E51-4034-BE01-74842FB9E12B}.qa|Any CPU.Build.0 = Release|Any CPU
		{CD0C4888-4E51-4034-BE01-74842FB9E12B}.Release|Any CPU.ActiveCfg = Release|Any CPU
		{CD0C4888-4E51-4034-BE01-74842FB9E12B}.Release|Any CPU.Build.0 = Release|Any CPU
		{CD0C4888-4E51-4034-BE01-74842FB9E12B}.Xlr_Int|Any CPU.ActiveCfg = Xlr_Int|Any CPU
		{CD0C4888-4E51-4034-BE01-74842FB9E12B}.Xlr_Int|Any CPU.Build.0 = Xlr_Int|Any CPU
		{CD0C4888-4E51-4034-BE01-74842FB9E12B}.Xlr_Qa|Any CPU.ActiveCfg = Xlr_Qa|Any CPU
		{CD0C4888-4E51-4034-BE01-74842FB9E12B}.Xlr_Qa|Any CPU.Build.0 = Xlr_Qa|Any CPU
		{BE29C491-5335-4DDF-9EBE-B5AC4C7FCE92}.Debug|Any CPU.ActiveCfg = Debug|Any CPU
		{BE29C491-5335-4DDF-9EBE-B5AC4C7FCE92}.Debug|Any CPU.Build.0 = Debug|Any CPU
		{BE29C491-5335-4DDF-9EBE-B5AC4C7FCE92}.Eylea_Int|Any CPU.ActiveCfg = Eylea_Int|Any CPU
		{BE29C491-5335-4DDF-9EBE-B5AC4C7FCE92}.Eylea_Int|Any CPU.Build.0 = Eylea_Int|Any CPU
		{BE29C491-5335-4DDF-9EBE-B5AC4C7FCE92}.Eylea_Live|Any CPU.ActiveCfg = Eylea_Live|Any CPU
		{BE29C491-5335-4DDF-9EBE-B5AC4C7FCE92}.Eylea_Live|Any CPU.Build.0 = Eylea_Live|Any CPU
		{BE29C491-5335-4DDF-9EBE-B5AC4C7FCE92}.Eylea_Preview|Any CPU.ActiveCfg = Eylea_Preview|Any CPU
		{BE29C491-5335-4DDF-9EBE-B5AC4C7FCE92}.Eylea_Preview|Any CPU.Build.0 = Eylea_Preview|Any CPU
		{BE29C491-5335-4DDF-9EBE-B5AC4C7FCE92}.Eylea_Qa|Any CPU.ActiveCfg = Eylea_Qa|Any CPU
		{BE29C491-5335-4DDF-9EBE-B5AC4C7FCE92}.Eylea_Qa|Any CPU.Build.0 = Eylea_Qa|Any CPU
		{BE29C491-5335-4DDF-9EBE-B5AC4C7FCE92}.Int|Any CPU.ActiveCfg = Int|Any CPU
		{BE29C491-5335-4DDF-9EBE-B5AC4C7FCE92}.Int|Any CPU.Build.0 = Int|Any CPU
		{BE29C491-5335-4DDF-9EBE-B5AC4C7FCE92}.live|Any CPU.ActiveCfg = Release|Any CPU
		{BE29C491-5335-4DDF-9EBE-B5AC4C7FCE92}.live|Any CPU.Build.0 = Release|Any CPU
		{BE29C491-5335-4DDF-9EBE-B5AC4C7FCE92}.preview|Any CPU.ActiveCfg = Release|Any CPU
		{BE29C491-5335-4DDF-9EBE-B5AC4C7FCE92}.preview|Any CPU.Build.0 = Release|Any CPU
		{BE29C491-5335-4DDF-9EBE-B5AC4C7FCE92}.qa|Any CPU.ActiveCfg = Release|Any CPU
		{BE29C491-5335-4DDF-9EBE-B5AC4C7FCE92}.qa|Any CPU.Build.0 = Release|Any CPU
		{BE29C491-5335-4DDF-9EBE-B5AC4C7FCE92}.Release|Any CPU.ActiveCfg = Release|Any CPU
		{BE29C491-5335-4DDF-9EBE-B5AC4C7FCE92}.Release|Any CPU.Build.0 = Release|Any CPU
		{BE29C491-5335-4DDF-9EBE-B5AC4C7FCE92}.Xlr_Int|Any CPU.ActiveCfg = Xlr_Int|Any CPU
		{BE29C491-5335-4DDF-9EBE-B5AC4C7FCE92}.Xlr_Int|Any CPU.Build.0 = Xlr_Int|Any CPU
		{BE29C491-5335-4DDF-9EBE-B5AC4C7FCE92}.Xlr_Qa|Any CPU.ActiveCfg = Xlr_Qa|Any CPU
		{BE29C491-5335-4DDF-9EBE-B5AC4C7FCE92}.Xlr_Qa|Any CPU.Build.0 = Xlr_Qa|Any CPU
		{0BAA830C-582E-4541-8432-455364C18CB9}.Debug|Any CPU.ActiveCfg = Debug|Any CPU
		{0BAA830C-582E-4541-8432-455364C18CB9}.Debug|Any CPU.Build.0 = Debug|Any CPU
		{0BAA830C-582E-4541-8432-455364C18CB9}.Eylea_Int|Any CPU.ActiveCfg = Eylea_Int|Any CPU
		{0BAA830C-582E-4541-8432-455364C18CB9}.Eylea_Int|Any CPU.Build.0 = Eylea_Int|Any CPU
		{0BAA830C-582E-4541-8432-455364C18CB9}.Eylea_Live|Any CPU.ActiveCfg = Eylea_Live|Any CPU
		{0BAA830C-582E-4541-8432-455364C18CB9}.Eylea_Live|Any CPU.Build.0 = Eylea_Live|Any CPU
		{0BAA830C-582E-4541-8432-455364C18CB9}.Eylea_Preview|Any CPU.ActiveCfg = Eylea_Preview|Any CPU
		{0BAA830C-582E-4541-8432-455364C18CB9}.Eylea_Preview|Any CPU.Build.0 = Eylea_Preview|Any CPU
		{0BAA830C-582E-4541-8432-455364C18CB9}.Eylea_Qa|Any CPU.ActiveCfg = Eylea_Qa|Any CPU
		{0BAA830C-582E-4541-8432-455364C18CB9}.Eylea_Qa|Any CPU.Build.0 = Eylea_Qa|Any CPU
		{0BAA830C-582E-4541-8432-455364C18CB9}.Int|Any CPU.ActiveCfg = Int|Any CPU
		{0BAA830C-582E-4541-8432-455364C18CB9}.Int|Any CPU.Build.0 = Int|Any CPU
		{0BAA830C-582E-4541-8432-455364C18CB9}.live|Any CPU.ActiveCfg = Release|Any CPU
		{0BAA830C-582E-4541-8432-455364C18CB9}.live|Any CPU.Build.0 = Release|Any CPU
		{0BAA830C-582E-4541-8432-455364C18CB9}.preview|Any CPU.ActiveCfg = Release|Any CPU
		{0BAA830C-582E-4541-8432-455364C18CB9}.preview|Any CPU.Build.0 = Release|Any CPU
		{0BAA830C-582E-4541-8432-455364C18CB9}.qa|Any CPU.ActiveCfg = Release|Any CPU
		{0BAA830C-582E-4541-8432-455364C18CB9}.qa|Any CPU.Build.0 = Release|Any CPU
		{0BAA830C-582E-4541-8432-455364C18CB9}.Release|Any CPU.ActiveCfg = Release|Any CPU
		{0BAA830C-582E-4541-8432-455364C18CB9}.Release|Any CPU.Build.0 = Release|Any CPU
		{0BAA830C-582E-4541-8432-455364C18CB9}.Xlr_Int|Any CPU.ActiveCfg = Xlr_Int|Any CPU
		{0BAA830C-582E-4541-8432-455364C18CB9}.Xlr_Int|Any CPU.Build.0 = Xlr_Int|Any CPU
		{0BAA830C-582E-4541-8432-455364C18CB9}.Xlr_Qa|Any CPU.ActiveCfg = Xlr_Qa|Any CPU
		{0BAA830C-582E-4541-8432-455364C18CB9}.Xlr_Qa|Any CPU.Build.0 = Xlr_Qa|Any CPU
		{FB31BA4A-57C8-4BEF-93C7-91156E65CDFC}.Debug|Any CPU.ActiveCfg = Debug|Any CPU
		{FB31BA4A-57C8-4BEF-93C7-91156E65CDFC}.Debug|Any CPU.Build.0 = Debug|Any CPU
		{FB31BA4A-57C8-4BEF-93C7-91156E65CDFC}.Eylea_Int|Any CPU.ActiveCfg = Eylea_Int|Any CPU
		{FB31BA4A-57C8-4BEF-93C7-91156E65CDFC}.Eylea_Int|Any CPU.Build.0 = Eylea_Int|Any CPU
		{FB31BA4A-57C8-4BEF-93C7-91156E65CDFC}.Eylea_Live|Any CPU.ActiveCfg = Eylea_Live|Any CPU
		{FB31BA4A-57C8-4BEF-93C7-91156E65CDFC}.Eylea_Live|Any CPU.Build.0 = Eylea_Live|Any CPU
		{FB31BA4A-57C8-4BEF-93C7-91156E65CDFC}.Eylea_Preview|Any CPU.ActiveCfg = Eylea_Preview|Any CPU
		{FB31BA4A-57C8-4BEF-93C7-91156E65CDFC}.Eylea_Preview|Any CPU.Build.0 = Eylea_Preview|Any CPU
		{FB31BA4A-57C8-4BEF-93C7-91156E65CDFC}.Eylea_Qa|Any CPU.ActiveCfg = Eylea_Qa|Any CPU
		{FB31BA4A-57C8-4BEF-93C7-91156E65CDFC}.Eylea_Qa|Any CPU.Build.0 = Eylea_Qa|Any CPU
		{FB31BA4A-57C8-4BEF-93C7-91156E65CDFC}.Int|Any CPU.ActiveCfg = Int|Any CPU
		{FB31BA4A-57C8-4BEF-93C7-91156E65CDFC}.Int|Any CPU.Build.0 = Int|Any CPU
		{FB31BA4A-57C8-4BEF-93C7-91156E65CDFC}.live|Any CPU.ActiveCfg = Release|Any CPU
		{FB31BA4A-57C8-4BEF-93C7-91156E65CDFC}.live|Any CPU.Build.0 = Release|Any CPU
		{FB31BA4A-57C8-4BEF-93C7-91156E65CDFC}.preview|Any CPU.ActiveCfg = Release|Any CPU
		{FB31BA4A-57C8-4BEF-93C7-91156E65CDFC}.preview|Any CPU.Build.0 = Release|Any CPU
		{FB31BA4A-57C8-4BEF-93C7-91156E65CDFC}.qa|Any CPU.ActiveCfg = Release|Any CPU
		{FB31BA4A-57C8-4BEF-93C7-91156E65CDFC}.qa|Any CPU.Build.0 = Release|Any CPU
		{FB31BA4A-57C8-4BEF-93C7-91156E65CDFC}.Release|Any CPU.ActiveCfg = Release|Any CPU
		{FB31BA4A-57C8-4BEF-93C7-91156E65CDFC}.Release|Any CPU.Build.0 = Release|Any CPU
		{FB31BA4A-57C8-4BEF-93C7-91156E65CDFC}.Xlr_Int|Any CPU.ActiveCfg = Xlr_Int|Any CPU
		{FB31BA4A-57C8-4BEF-93C7-91156E65CDFC}.Xlr_Int|Any CPU.Build.0 = Xlr_Int|Any CPU
		{FB31BA4A-57C8-4BEF-93C7-91156E65CDFC}.Xlr_Qa|Any CPU.ActiveCfg = Xlr_Qa|Any CPU
		{FB31BA4A-57C8-4BEF-93C7-91156E65CDFC}.Xlr_Qa|Any CPU.Build.0 = Xlr_Qa|Any CPU
		{89AFE81E-5CC4-4A81-B75D-543761F3F89F}.Debug|Any CPU.ActiveCfg = Debug|Any CPU
		{89AFE81E-5CC4-4A81-B75D-543761F3F89F}.Debug|Any CPU.Build.0 = Debug|Any CPU
		{89AFE81E-5CC4-4A81-B75D-543761F3F89F}.Eylea_Int|Any CPU.ActiveCfg = Eylea_Int|Any CPU
		{89AFE81E-5CC4-4A81-B75D-543761F3F89F}.Eylea_Int|Any CPU.Build.0 = Eylea_Int|Any CPU
		{89AFE81E-5CC4-4A81-B75D-543761F3F89F}.Eylea_Live|Any CPU.ActiveCfg = Eylea_Live|Any CPU
		{89AFE81E-5CC4-4A81-B75D-543761F3F89F}.Eylea_Live|Any CPU.Build.0 = Eylea_Live|Any CPU
		{89AFE81E-5CC4-4A81-B75D-543761F3F89F}.Eylea_Preview|Any CPU.ActiveCfg = Eylea_Preview|Any CPU
		{89AFE81E-5CC4-4A81-B75D-543761F3F89F}.Eylea_Preview|Any CPU.Build.0 = Eylea_Preview|Any CPU
		{89AFE81E-5CC4-4A81-B75D-543761F3F89F}.Eylea_Qa|Any CPU.ActiveCfg = Eylea_Qa|Any CPU
		{89AFE81E-5CC4-4A81-B75D-543761F3F89F}.Eylea_Qa|Any CPU.Build.0 = Eylea_Qa|Any CPU
		{89AFE81E-5CC4-4A81-B75D-543761F3F89F}.Int|Any CPU.ActiveCfg = Int|Any CPU
		{89AFE81E-5CC4-4A81-B75D-543761F3F89F}.Int|Any CPU.Build.0 = Int|Any CPU
		{89AFE81E-5CC4-4A81-B75D-543761F3F89F}.live|Any CPU.ActiveCfg = Release|Any CPU
		{89AFE81E-5CC4-4A81-B75D-543761F3F89F}.live|Any CPU.Build.0 = Release|Any CPU
		{89AFE81E-5CC4-4A81-B75D-543761F3F89F}.preview|Any CPU.ActiveCfg = Release|Any CPU
		{89AFE81E-5CC4-4A81-B75D-543761F3F89F}.preview|Any CPU.Build.0 = Release|Any CPU
		{89AFE81E-5CC4-4A81-B75D-543761F3F89F}.qa|Any CPU.ActiveCfg = Release|Any CPU
		{89AFE81E-5CC4-4A81-B75D-543761F3F89F}.qa|Any CPU.Build.0 = Release|Any CPU
		{89AFE81E-5CC4-4A81-B75D-543761F3F89F}.Release|Any CPU.ActiveCfg = Release|Any CPU
		{89AFE81E-5CC4-4A81-B75D-543761F3F89F}.Release|Any CPU.Build.0 = Release|Any CPU
		{89AFE81E-5CC4-4A81-B75D-543761F3F89F}.Xlr_Int|Any CPU.ActiveCfg = Xlr_Int|Any CPU
		{89AFE81E-5CC4-4A81-B75D-543761F3F89F}.Xlr_Int|Any CPU.Build.0 = Xlr_Int|Any CPU
		{89AFE81E-5CC4-4A81-B75D-543761F3F89F}.Xlr_Qa|Any CPU.ActiveCfg = Xlr_Qa|Any CPU
		{89AFE81E-5CC4-4A81-B75D-543761F3F89F}.Xlr_Qa|Any CPU.Build.0 = Xlr_Qa|Any CPU
		{B0F4BEF5-A098-4B1F-9317-B3606ED69232}.Debug|Any CPU.ActiveCfg = Debug|Any CPU
		{B0F4BEF5-A098-4B1F-9317-B3606ED69232}.Debug|Any CPU.Build.0 = Debug|Any CPU
		{B0F4BEF5-A098-4B1F-9317-B3606ED69232}.Eylea_Int|Any CPU.ActiveCfg = Eylea_Int|Any CPU
		{B0F4BEF5-A098-4B1F-9317-B3606ED69232}.Eylea_Int|Any CPU.Build.0 = Eylea_Int|Any CPU
		{B0F4BEF5-A098-4B1F-9317-B3606ED69232}.Eylea_Live|Any CPU.ActiveCfg = Eylea_Live|Any CPU
		{B0F4BEF5-A098-4B1F-9317-B3606ED69232}.Eylea_Live|Any CPU.Build.0 = Eylea_Live|Any CPU
		{B0F4BEF5-A098-4B1F-9317-B3606ED69232}.Eylea_Preview|Any CPU.ActiveCfg = Eylea_Preview|Any CPU
		{B0F4BEF5-A098-4B1F-9317-B3606ED69232}.Eylea_Preview|Any CPU.Build.0 = Eylea_Preview|Any CPU
		{B0F4BEF5-A098-4B1F-9317-B3606ED69232}.Eylea_Qa|Any CPU.ActiveCfg = Eylea_Qa|Any CPU
		{B0F4BEF5-A098-4B1F-9317-B3606ED69232}.Eylea_Qa|Any CPU.Build.0 = Eylea_Qa|Any CPU
		{B0F4BEF5-A098-4B1F-9317-B3606ED69232}.Int|Any CPU.ActiveCfg = Int|Any CPU
		{B0F4BEF5-A098-4B1F-9317-B3606ED69232}.Int|Any CPU.Build.0 = Int|Any CPU
		{B0F4BEF5-A098-4B1F-9317-B3606ED69232}.live|Any CPU.ActiveCfg = Release|Any CPU
		{B0F4BEF5-A098-4B1F-9317-B3606ED69232}.live|Any CPU.Build.0 = Release|Any CPU
		{B0F4BEF5-A098-4B1F-9317-B3606ED69232}.preview|Any CPU.ActiveCfg = Release|Any CPU
		{B0F4BEF5-A098-4B1F-9317-B3606ED69232}.preview|Any CPU.Build.0 = Release|Any CPU
		{B0F4BEF5-A098-4B1F-9317-B3606ED69232}.qa|Any CPU.ActiveCfg = Release|Any CPU
		{B0F4BEF5-A098-4B1F-9317-B3606ED69232}.qa|Any CPU.Build.0 = Release|Any CPU
		{B0F4BEF5-A098-4B1F-9317-B3606ED69232}.Release|Any CPU.ActiveCfg = Release|Any CPU
		{B0F4BEF5-A098-4B1F-9317-B3606ED69232}.Release|Any CPU.Build.0 = Release|Any CPU
		{B0F4BEF5-A098-4B1F-9317-B3606ED69232}.Xlr_Int|Any CPU.ActiveCfg = Xlr_Int|Any CPU
		{B0F4BEF5-A098-4B1F-9317-B3606ED69232}.Xlr_Int|Any CPU.Build.0 = Xlr_Int|Any CPU
		{B0F4BEF5-A098-4B1F-9317-B3606ED69232}.Xlr_Qa|Any CPU.ActiveCfg = Xlr_Qa|Any CPU
		{B0F4BEF5-A098-4B1F-9317-B3606ED69232}.Xlr_Qa|Any CPU.Build.0 = Xlr_Qa|Any CPU
		{C4C86DE2-3B07-4A70-B127-80E97E6A3EA4}.Debug|Any CPU.ActiveCfg = Debug|Any CPU
		{C4C86DE2-3B07-4A70-B127-80E97E6A3EA4}.Debug|Any CPU.Build.0 = Debug|Any CPU
		{C4C86DE2-3B07-4A70-B127-80E97E6A3EA4}.Eylea_Int|Any CPU.ActiveCfg = Eylea_Int|Any CPU
		{C4C86DE2-3B07-4A70-B127-80E97E6A3EA4}.Eylea_Int|Any CPU.Build.0 = Eylea_Int|Any CPU
		{C4C86DE2-3B07-4A70-B127-80E97E6A3EA4}.Eylea_Live|Any CPU.ActiveCfg = Eylea_Live|Any CPU
		{C4C86DE2-3B07-4A70-B127-80E97E6A3EA4}.Eylea_Live|Any CPU.Build.0 = Eylea_Live|Any CPU
		{C4C86DE2-3B07-4A70-B127-80E97E6A3EA4}.Eylea_Preview|Any CPU.ActiveCfg = Eylea_Preview|Any CPU
		{C4C86DE2-3B07-4A70-B127-80E97E6A3EA4}.Eylea_Preview|Any CPU.Build.0 = Eylea_Preview|Any CPU
		{C4C86DE2-3B07-4A70-B127-80E97E6A3EA4}.Eylea_Qa|Any CPU.ActiveCfg = Eylea_Qa|Any CPU
		{C4C86DE2-3B07-4A70-B127-80E97E6A3EA4}.Eylea_Qa|Any CPU.Build.0 = Eylea_Qa|Any CPU
		{C4C86DE2-3B07-4A70-B127-80E97E6A3EA4}.Int|Any CPU.ActiveCfg = Int|Any CPU
		{C4C86DE2-3B07-4A70-B127-80E97E6A3EA4}.Int|Any CPU.Build.0 = Int|Any CPU
		{C4C86DE2-3B07-4A70-B127-80E97E6A3EA4}.live|Any CPU.ActiveCfg = Release|Any CPU
		{C4C86DE2-3B07-4A70-B127-80E97E6A3EA4}.live|Any CPU.Build.0 = Release|Any CPU
		{C4C86DE2-3B07-4A70-B127-80E97E6A3EA4}.preview|Any CPU.ActiveCfg = Release|Any CPU
		{C4C86DE2-3B07-4A70-B127-80E97E6A3EA4}.preview|Any CPU.Build.0 = Release|Any CPU
		{C4C86DE2-3B07-4A70-B127-80E97E6A3EA4}.qa|Any CPU.ActiveCfg = Release|Any CPU
		{C4C86DE2-3B07-4A70-B127-80E97E6A3EA4}.qa|Any CPU.Build.0 = Release|Any CPU
		{C4C86DE2-3B07-4A70-B127-80E97E6A3EA4}.Release|Any CPU.ActiveCfg = Release|Any CPU
		{C4C86DE2-3B07-4A70-B127-80E97E6A3EA4}.Release|Any CPU.Build.0 = Release|Any CPU
		{C4C86DE2-3B07-4A70-B127-80E97E6A3EA4}.Xlr_Int|Any CPU.ActiveCfg = Xlr_Int|Any CPU
		{C4C86DE2-3B07-4A70-B127-80E97E6A3EA4}.Xlr_Int|Any CPU.Build.0 = Xlr_Int|Any CPU
		{C4C86DE2-3B07-4A70-B127-80E97E6A3EA4}.Xlr_Qa|Any CPU.ActiveCfg = Xlr_Qa|Any CPU
		{C4C86DE2-3B07-4A70-B127-80E97E6A3EA4}.Xlr_Qa|Any CPU.Build.0 = Xlr_Qa|Any CPU
		{11EDB0C6-0A0C-48DE-9CDD-7B093236EB6D}.Debug|Any CPU.ActiveCfg = Debug|Any CPU
		{11EDB0C6-0A0C-48DE-9CDD-7B093236EB6D}.Debug|Any CPU.Build.0 = Debug|Any CPU
		{11EDB0C6-0A0C-48DE-9CDD-7B093236EB6D}.Eylea_Int|Any CPU.ActiveCfg = Eylea_Int|Any CPU
		{11EDB0C6-0A0C-48DE-9CDD-7B093236EB6D}.Eylea_Int|Any CPU.Build.0 = Eylea_Int|Any CPU
		{11EDB0C6-0A0C-48DE-9CDD-7B093236EB6D}.Eylea_Live|Any CPU.ActiveCfg = Eylea_Live|Any CPU
		{11EDB0C6-0A0C-48DE-9CDD-7B093236EB6D}.Eylea_Live|Any CPU.Build.0 = Eylea_Live|Any CPU
		{11EDB0C6-0A0C-48DE-9CDD-7B093236EB6D}.Eylea_Preview|Any CPU.ActiveCfg = Eylea_Preview|Any CPU
		{11EDB0C6-0A0C-48DE-9CDD-7B093236EB6D}.Eylea_Preview|Any CPU.Build.0 = Eylea_Preview|Any CPU
		{11EDB0C6-0A0C-48DE-9CDD-7B093236EB6D}.Eylea_Qa|Any CPU.ActiveCfg = Eylea_Qa|Any CPU
		{11EDB0C6-0A0C-48DE-9CDD-7B093236EB6D}.Eylea_Qa|Any CPU.Build.0 = Eylea_Qa|Any CPU
		{11EDB0C6-0A0C-48DE-9CDD-7B093236EB6D}.Int|Any CPU.ActiveCfg = Int|Any CPU
		{11EDB0C6-0A0C-48DE-9CDD-7B093236EB6D}.Int|Any CPU.Build.0 = Int|Any CPU
		{11EDB0C6-0A0C-48DE-9CDD-7B093236EB6D}.live|Any CPU.ActiveCfg = Release|Any CPU
		{11EDB0C6-0A0C-48DE-9CDD-7B093236EB6D}.live|Any CPU.Build.0 = Release|Any CPU
		{11EDB0C6-0A0C-48DE-9CDD-7B093236EB6D}.preview|Any CPU.ActiveCfg = Release|Any CPU
		{11EDB0C6-0A0C-48DE-9CDD-7B093236EB6D}.preview|Any CPU.Build.0 = Release|Any CPU
		{11EDB0C6-0A0C-48DE-9CDD-7B093236EB6D}.qa|Any CPU.ActiveCfg = Release|Any CPU
		{11EDB0C6-0A0C-48DE-9CDD-7B093236EB6D}.qa|Any CPU.Build.0 = Release|Any CPU
		{11EDB0C6-0A0C-48DE-9CDD-7B093236EB6D}.Release|Any CPU.ActiveCfg = Release|Any CPU
		{11EDB0C6-0A0C-48DE-9CDD-7B093236EB6D}.Release|Any CPU.Build.0 = Release|Any CPU
		{11EDB0C6-0A0C-48DE-9CDD-7B093236EB6D}.Xlr_Int|Any CPU.ActiveCfg = Xlr_Int|Any CPU
		{11EDB0C6-0A0C-48DE-9CDD-7B093236EB6D}.Xlr_Int|Any CPU.Build.0 = Xlr_Int|Any CPU
		{11EDB0C6-0A0C-48DE-9CDD-7B093236EB6D}.Xlr_Qa|Any CPU.ActiveCfg = Xlr_Qa|Any CPU
		{11EDB0C6-0A0C-48DE-9CDD-7B093236EB6D}.Xlr_Qa|Any CPU.Build.0 = Xlr_Qa|Any CPU
		{5E385F11-D55B-420F-AC76-4B170F1F9140}.Debug|Any CPU.ActiveCfg = Debug|Any CPU
		{5E385F11-D55B-420F-AC76-4B170F1F9140}.Debug|Any CPU.Build.0 = Debug|Any CPU
		{5E385F11-D55B-420F-AC76-4B170F1F9140}.Eylea_Int|Any CPU.ActiveCfg = Eylea_Int|Any CPU
		{5E385F11-D55B-420F-AC76-4B170F1F9140}.Eylea_Int|Any CPU.Build.0 = Eylea_Int|Any CPU
		{5E385F11-D55B-420F-AC76-4B170F1F9140}.Eylea_Live|Any CPU.ActiveCfg = Eylea_Live|Any CPU
		{5E385F11-D55B-420F-AC76-4B170F1F9140}.Eylea_Live|Any CPU.Build.0 = Eylea_Live|Any CPU
		{5E385F11-D55B-420F-AC76-4B170F1F9140}.Eylea_Preview|Any CPU.ActiveCfg = Eylea_Preview|Any CPU
		{5E385F11-D55B-420F-AC76-4B170F1F9140}.Eylea_Preview|Any CPU.Build.0 = Eylea_Preview|Any CPU
		{5E385F11-D55B-420F-AC76-4B170F1F9140}.Eylea_Qa|Any CPU.ActiveCfg = Eylea_Qa|Any CPU
		{5E385F11-D55B-420F-AC76-4B170F1F9140}.Eylea_Qa|Any CPU.Build.0 = Eylea_Qa|Any CPU
		{5E385F11-D55B-420F-AC76-4B170F1F9140}.Int|Any CPU.ActiveCfg = Int|Any CPU
		{5E385F11-D55B-420F-AC76-4B170F1F9140}.Int|Any CPU.Build.0 = Int|Any CPU
		{5E385F11-D55B-420F-AC76-4B170F1F9140}.live|Any CPU.ActiveCfg = Release|Any CPU
		{5E385F11-D55B-420F-AC76-4B170F1F9140}.live|Any CPU.Build.0 = Release|Any CPU
		{5E385F11-D55B-420F-AC76-4B170F1F9140}.preview|Any CPU.ActiveCfg = Release|Any CPU
		{5E385F11-D55B-420F-AC76-4B170F1F9140}.preview|Any CPU.Build.0 = Release|Any CPU
		{5E385F11-D55B-420F-AC76-4B170F1F9140}.qa|Any CPU.ActiveCfg = Release|Any CPU
		{5E385F11-D55B-420F-AC76-4B170F1F9140}.qa|Any CPU.Build.0 = Release|Any CPU
		{5E385F11-D55B-420F-AC76-4B170F1F9140}.Release|Any CPU.ActiveCfg = Release|Any CPU
		{5E385F11-D55B-420F-AC76-4B170F1F9140}.Release|Any CPU.Build.0 = Release|Any CPU
		{5E385F11-D55B-420F-AC76-4B170F1F9140}.Xlr_Int|Any CPU.ActiveCfg = Xlr_Int|Any CPU
		{5E385F11-D55B-420F-AC76-4B170F1F9140}.Xlr_Int|Any CPU.Build.0 = Xlr_Int|Any CPU
		{5E385F11-D55B-420F-AC76-4B170F1F9140}.Xlr_Qa|Any CPU.ActiveCfg = Xlr_Qa|Any CPU
		{5E385F11-D55B-420F-AC76-4B170F1F9140}.Xlr_Qa|Any CPU.Build.0 = Xlr_Qa|Any CPU
		{A9EBC5DE-4E8F-43E7-B36A-A30E40228AEF}.Debug|Any CPU.ActiveCfg = Debug|Any CPU
		{A9EBC5DE-4E8F-43E7-B36A-A30E40228AEF}.Debug|Any CPU.Build.0 = Debug|Any CPU
		{A9EBC5DE-4E8F-43E7-B36A-A30E40228AEF}.Eylea_Int|Any CPU.ActiveCfg = Eylea_Int|Any CPU
		{A9EBC5DE-4E8F-43E7-B36A-A30E40228AEF}.Eylea_Int|Any CPU.Build.0 = Eylea_Int|Any CPU
		{A9EBC5DE-4E8F-43E7-B36A-A30E40228AEF}.Eylea_Live|Any CPU.ActiveCfg = Eylea_Live|Any CPU
		{A9EBC5DE-4E8F-43E7-B36A-A30E40228AEF}.Eylea_Live|Any CPU.Build.0 = Eylea_Live|Any CPU
		{A9EBC5DE-4E8F-43E7-B36A-A30E40228AEF}.Eylea_Preview|Any CPU.ActiveCfg = Eylea_Preview|Any CPU
		{A9EBC5DE-4E8F-43E7-B36A-A30E40228AEF}.Eylea_Preview|Any CPU.Build.0 = Eylea_Preview|Any CPU
		{A9EBC5DE-4E8F-43E7-B36A-A30E40228AEF}.Eylea_Qa|Any CPU.ActiveCfg = Eylea_Qa|Any CPU
		{A9EBC5DE-4E8F-43E7-B36A-A30E40228AEF}.Eylea_Qa|Any CPU.Build.0 = Eylea_Qa|Any CPU
		{A9EBC5DE-4E8F-43E7-B36A-A30E40228AEF}.Int|Any CPU.ActiveCfg = Int|Any CPU
		{A9EBC5DE-4E8F-43E7-B36A-A30E40228AEF}.Int|Any CPU.Build.0 = Int|Any CPU
		{A9EBC5DE-4E8F-43E7-B36A-A30E40228AEF}.live|Any CPU.ActiveCfg = Release|Any CPU
		{A9EBC5DE-4E8F-43E7-B36A-A30E40228AEF}.live|Any CPU.Build.0 = Release|Any CPU
		{A9EBC5DE-4E8F-43E7-B36A-A30E40228AEF}.preview|Any CPU.ActiveCfg = Release|Any CPU
		{A9EBC5DE-4E8F-43E7-B36A-A30E40228AEF}.preview|Any CPU.Build.0 = Release|Any CPU
		{A9EBC5DE-4E8F-43E7-B36A-A30E40228AEF}.qa|Any CPU.ActiveCfg = Release|Any CPU
		{A9EBC5DE-4E8F-43E7-B36A-A30E40228AEF}.qa|Any CPU.Build.0 = Release|Any CPU
		{A9EBC5DE-4E8F-43E7-B36A-A30E40228AEF}.Release|Any CPU.ActiveCfg = Release|Any CPU
		{A9EBC5DE-4E8F-43E7-B36A-A30E40228AEF}.Release|Any CPU.Build.0 = Release|Any CPU
		{A9EBC5DE-4E8F-43E7-B36A-A30E40228AEF}.Xlr_Int|Any CPU.ActiveCfg = Xlr_Int|Any CPU
		{A9EBC5DE-4E8F-43E7-B36A-A30E40228AEF}.Xlr_Int|Any CPU.Build.0 = Xlr_Int|Any CPU
		{A9EBC5DE-4E8F-43E7-B36A-A30E40228AEF}.Xlr_Qa|Any CPU.ActiveCfg = Xlr_Qa|Any CPU
		{A9EBC5DE-4E8F-43E7-B36A-A30E40228AEF}.Xlr_Qa|Any CPU.Build.0 = Xlr_Qa|Any CPU
		{789802F8-1E2B-4C78-AA1D-A972F516CEE5}.Debug|Any CPU.ActiveCfg = Debug|Any CPU
		{789802F8-1E2B-4C78-AA1D-A972F516CEE5}.Debug|Any CPU.Build.0 = Debug|Any CPU
		{789802F8-1E2B-4C78-AA1D-A972F516CEE5}.Eylea_Int|Any CPU.ActiveCfg = Eylea_Int|Any CPU
		{789802F8-1E2B-4C78-AA1D-A972F516CEE5}.Eylea_Int|Any CPU.Build.0 = Eylea_Int|Any CPU
		{789802F8-1E2B-4C78-AA1D-A972F516CEE5}.Eylea_Live|Any CPU.ActiveCfg = Eylea_Live|Any CPU
		{789802F8-1E2B-4C78-AA1D-A972F516CEE5}.Eylea_Live|Any CPU.Build.0 = Eylea_Live|Any CPU
		{789802F8-1E2B-4C78-AA1D-A972F516CEE5}.Eylea_Preview|Any CPU.ActiveCfg = Eylea_Preview|Any CPU
		{789802F8-1E2B-4C78-AA1D-A972F516CEE5}.Eylea_Preview|Any CPU.Build.0 = Eylea_Preview|Any CPU
		{789802F8-1E2B-4C78-AA1D-A972F516CEE5}.Eylea_Qa|Any CPU.ActiveCfg = Eylea_Qa|Any CPU
		{789802F8-1E2B-4C78-AA1D-A972F516CEE5}.Eylea_Qa|Any CPU.Build.0 = Eylea_Qa|Any CPU
		{789802F8-1E2B-4C78-AA1D-A972F516CEE5}.Int|Any CPU.ActiveCfg = Int|Any CPU
		{789802F8-1E2B-4C78-AA1D-A972F516CEE5}.Int|Any CPU.Build.0 = Int|Any CPU
		{789802F8-1E2B-4C78-AA1D-A972F516CEE5}.live|Any CPU.ActiveCfg = Release|Any CPU
		{789802F8-1E2B-4C78-AA1D-A972F516CEE5}.live|Any CPU.Build.0 = Release|Any CPU
		{789802F8-1E2B-4C78-AA1D-A972F516CEE5}.preview|Any CPU.ActiveCfg = Release|Any CPU
		{789802F8-1E2B-4C78-AA1D-A972F516CEE5}.preview|Any CPU.Build.0 = Release|Any CPU
		{789802F8-1E2B-4C78-AA1D-A972F516CEE5}.qa|Any CPU.ActiveCfg = Release|Any CPU
		{789802F8-1E2B-4C78-AA1D-A972F516CEE5}.qa|Any CPU.Build.0 = Release|Any CPU
		{789802F8-1E2B-4C78-AA1D-A972F516CEE5}.Release|Any CPU.ActiveCfg = Release|Any CPU
		{789802F8-1E2B-4C78-AA1D-A972F516CEE5}.Release|Any CPU.Build.0 = Release|Any CPU
		{789802F8-1E2B-4C78-AA1D-A972F516CEE5}.Xlr_Int|Any CPU.ActiveCfg = Xlr_Int|Any CPU
		{789802F8-1E2B-4C78-AA1D-A972F516CEE5}.Xlr_Int|Any CPU.Build.0 = Xlr_Int|Any CPU
		{789802F8-1E2B-4C78-AA1D-A972F516CEE5}.Xlr_Qa|Any CPU.ActiveCfg = Xlr_Qa|Any CPU
		{789802F8-1E2B-4C78-AA1D-A972F516CEE5}.Xlr_Qa|Any CPU.Build.0 = Xlr_Qa|Any CPU
		{C5CD5B48-EF61-4A0C-B3C2-D310D7D971E8}.Debug|Any CPU.ActiveCfg = Debug|Any CPU
		{C5CD5B48-EF61-4A0C-B3C2-D310D7D971E8}.Debug|Any CPU.Build.0 = Debug|Any CPU
		{C5CD5B48-EF61-4A0C-B3C2-D310D7D971E8}.Eylea_Int|Any CPU.ActiveCfg = Eylea_Int|Any CPU
		{C5CD5B48-EF61-4A0C-B3C2-D310D7D971E8}.Eylea_Int|Any CPU.Build.0 = Eylea_Int|Any CPU
		{C5CD5B48-EF61-4A0C-B3C2-D310D7D971E8}.Eylea_Live|Any CPU.ActiveCfg = Eylea_Live|Any CPU
		{C5CD5B48-EF61-4A0C-B3C2-D310D7D971E8}.Eylea_Live|Any CPU.Build.0 = Eylea_Live|Any CPU
		{C5CD5B48-EF61-4A0C-B3C2-D310D7D971E8}.Eylea_Preview|Any CPU.ActiveCfg = Eylea_Preview|Any CPU
		{C5CD5B48-EF61-4A0C-B3C2-D310D7D971E8}.Eylea_Preview|Any CPU.Build.0 = Eylea_Preview|Any CPU
		{C5CD5B48-EF61-4A0C-B3C2-D310D7D971E8}.Eylea_Qa|Any CPU.ActiveCfg = Eylea_Qa|Any CPU
		{C5CD5B48-EF61-4A0C-B3C2-D310D7D971E8}.Eylea_Qa|Any CPU.Build.0 = Eylea_Qa|Any CPU
		{C5CD5B48-EF61-4A0C-B3C2-D310D7D971E8}.Int|Any CPU.ActiveCfg = Int|Any CPU
		{C5CD5B48-EF61-4A0C-B3C2-D310D7D971E8}.Int|Any CPU.Build.0 = Int|Any CPU
		{C5CD5B48-EF61-4A0C-B3C2-D310D7D971E8}.live|Any CPU.ActiveCfg = Release|Any CPU
		{C5CD5B48-EF61-4A0C-B3C2-D310D7D971E8}.live|Any CPU.Build.0 = Release|Any CPU
		{C5CD5B48-EF61-4A0C-B3C2-D310D7D971E8}.preview|Any CPU.ActiveCfg = Release|Any CPU
		{C5CD5B48-EF61-4A0C-B3C2-D310D7D971E8}.preview|Any CPU.Build.0 = Release|Any CPU
		{C5CD5B48-EF61-4A0C-B3C2-D310D7D971E8}.qa|Any CPU.ActiveCfg = Release|Any CPU
		{C5CD5B48-EF61-4A0C-B3C2-D310D7D971E8}.qa|Any CPU.Build.0 = Release|Any CPU
		{C5CD5B48-EF61-4A0C-B3C2-D310D7D971E8}.Release|Any CPU.ActiveCfg = Release|Any CPU
		{C5CD5B48-EF61-4A0C-B3C2-D310D7D971E8}.Release|Any CPU.Build.0 = Release|Any CPU
		{C5CD5B48-EF61-4A0C-B3C2-D310D7D971E8}.Xlr_Int|Any CPU.ActiveCfg = Xlr_Int|Any CPU
		{C5CD5B48-EF61-4A0C-B3C2-D310D7D971E8}.Xlr_Int|Any CPU.Build.0 = Xlr_Int|Any CPU
		{C5CD5B48-EF61-4A0C-B3C2-D310D7D971E8}.Xlr_Qa|Any CPU.ActiveCfg = Xlr_Qa|Any CPU
		{C5CD5B48-EF61-4A0C-B3C2-D310D7D971E8}.Xlr_Qa|Any CPU.Build.0 = Xlr_Qa|Any CPU
		{74E461EF-D53A-4083-B058-676A9FC3E087}.Debug|Any CPU.ActiveCfg = Debug|Any CPU
		{74E461EF-D53A-4083-B058-676A9FC3E087}.Debug|Any CPU.Build.0 = Debug|Any CPU
		{74E461EF-D53A-4083-B058-676A9FC3E087}.Eylea_Int|Any CPU.ActiveCfg = Eylea_Int|Any CPU
		{74E461EF-D53A-4083-B058-676A9FC3E087}.Eylea_Int|Any CPU.Build.0 = Eylea_Int|Any CPU
		{74E461EF-D53A-4083-B058-676A9FC3E087}.Eylea_Live|Any CPU.ActiveCfg = Eylea_Live|Any CPU
		{74E461EF-D53A-4083-B058-676A9FC3E087}.Eylea_Live|Any CPU.Build.0 = Eylea_Live|Any CPU
		{74E461EF-D53A-4083-B058-676A9FC3E087}.Eylea_Preview|Any CPU.ActiveCfg = Eylea_Preview|Any CPU
		{74E461EF-D53A-4083-B058-676A9FC3E087}.Eylea_Preview|Any CPU.Build.0 = Eylea_Preview|Any CPU
		{74E461EF-D53A-4083-B058-676A9FC3E087}.Eylea_Qa|Any CPU.ActiveCfg = Eylea_Qa|Any CPU
		{74E461EF-D53A-4083-B058-676A9FC3E087}.Eylea_Qa|Any CPU.Build.0 = Eylea_Qa|Any CPU
		{74E461EF-D53A-4083-B058-676A9FC3E087}.Int|Any CPU.ActiveCfg = Int|Any CPU
		{74E461EF-D53A-4083-B058-676A9FC3E087}.Int|Any CPU.Build.0 = Int|Any CPU
		{74E461EF-D53A-4083-B058-676A9FC3E087}.live|Any CPU.ActiveCfg = Release|Any CPU
		{74E461EF-D53A-4083-B058-676A9FC3E087}.live|Any CPU.Build.0 = Release|Any CPU
		{74E461EF-D53A-4083-B058-676A9FC3E087}.preview|Any CPU.ActiveCfg = Release|Any CPU
		{74E461EF-D53A-4083-B058-676A9FC3E087}.preview|Any CPU.Build.0 = Release|Any CPU
		{74E461EF-D53A-4083-B058-676A9FC3E087}.qa|Any CPU.ActiveCfg = Release|Any CPU
		{74E461EF-D53A-4083-B058-676A9FC3E087}.qa|Any CPU.Build.0 = Release|Any CPU
		{74E461EF-D53A-4083-B058-676A9FC3E087}.Release|Any CPU.ActiveCfg = Release|Any CPU
		{74E461EF-D53A-4083-B058-676A9FC3E087}.Release|Any CPU.Build.0 = Release|Any CPU
		{74E461EF-D53A-4083-B058-676A9FC3E087}.Xlr_Int|Any CPU.ActiveCfg = Xlr_Int|Any CPU
		{74E461EF-D53A-4083-B058-676A9FC3E087}.Xlr_Int|Any CPU.Build.0 = Xlr_Int|Any CPU
		{74E461EF-D53A-4083-B058-676A9FC3E087}.Xlr_Qa|Any CPU.ActiveCfg = Xlr_Qa|Any CPU
		{74E461EF-D53A-4083-B058-676A9FC3E087}.Xlr_Qa|Any CPU.Build.0 = Xlr_Qa|Any CPU
		{40B17BC9-6A3D-42B0-A8CE-443F0799A31D}.Debug|Any CPU.ActiveCfg = Debug|Any CPU
		{40B17BC9-6A3D-42B0-A8CE-443F0799A31D}.Debug|Any CPU.Build.0 = Debug|Any CPU
		{40B17BC9-6A3D-42B0-A8CE-443F0799A31D}.Eylea_Int|Any CPU.ActiveCfg = Eylea_Int|Any CPU
		{40B17BC9-6A3D-42B0-A8CE-443F0799A31D}.Eylea_Int|Any CPU.Build.0 = Eylea_Int|Any CPU
		{40B17BC9-6A3D-42B0-A8CE-443F0799A31D}.Eylea_Live|Any CPU.ActiveCfg = Eylea_Live|Any CPU
		{40B17BC9-6A3D-42B0-A8CE-443F0799A31D}.Eylea_Live|Any CPU.Build.0 = Eylea_Live|Any CPU
		{40B17BC9-6A3D-42B0-A8CE-443F0799A31D}.Eylea_Preview|Any CPU.ActiveCfg = Eylea_Preview|Any CPU
		{40B17BC9-6A3D-42B0-A8CE-443F0799A31D}.Eylea_Preview|Any CPU.Build.0 = Eylea_Preview|Any CPU
		{40B17BC9-6A3D-42B0-A8CE-443F0799A31D}.Eylea_Qa|Any CPU.ActiveCfg = Eylea_Qa|Any CPU
		{40B17BC9-6A3D-42B0-A8CE-443F0799A31D}.Eylea_Qa|Any CPU.Build.0 = Eylea_Qa|Any CPU
		{40B17BC9-6A3D-42B0-A8CE-443F0799A31D}.Int|Any CPU.ActiveCfg = Int|Any CPU
		{40B17BC9-6A3D-42B0-A8CE-443F0799A31D}.Int|Any CPU.Build.0 = Int|Any CPU
		{40B17BC9-6A3D-42B0-A8CE-443F0799A31D}.live|Any CPU.ActiveCfg = Release|Any CPU
		{40B17BC9-6A3D-42B0-A8CE-443F0799A31D}.live|Any CPU.Build.0 = Release|Any CPU
		{40B17BC9-6A3D-42B0-A8CE-443F0799A31D}.preview|Any CPU.ActiveCfg = Release|Any CPU
		{40B17BC9-6A3D-42B0-A8CE-443F0799A31D}.preview|Any CPU.Build.0 = Release|Any CPU
		{40B17BC9-6A3D-42B0-A8CE-443F0799A31D}.qa|Any CPU.ActiveCfg = Release|Any CPU
		{40B17BC9-6A3D-42B0-A8CE-443F0799A31D}.qa|Any CPU.Build.0 = Release|Any CPU
		{40B17BC9-6A3D-42B0-A8CE-443F0799A31D}.Release|Any CPU.ActiveCfg = Release|Any CPU
		{40B17BC9-6A3D-42B0-A8CE-443F0799A31D}.Release|Any CPU.Build.0 = Release|Any CPU
		{40B17BC9-6A3D-42B0-A8CE-443F0799A31D}.Xlr_Int|Any CPU.ActiveCfg = Xlr_Int|Any CPU
		{40B17BC9-6A3D-42B0-A8CE-443F0799A31D}.Xlr_Int|Any CPU.Build.0 = Xlr_Int|Any CPU
		{40B17BC9-6A3D-42B0-A8CE-443F0799A31D}.Xlr_Qa|Any CPU.ActiveCfg = Xlr_Qa|Any CPU
		{40B17BC9-6A3D-42B0-A8CE-443F0799A31D}.Xlr_Qa|Any CPU.Build.0 = Xlr_Qa|Any CPU
		{83829740-99C8-44C1-A9D3-563D397AE009}.Debug|Any CPU.ActiveCfg = Debug|Any CPU
		{83829740-99C8-44C1-A9D3-563D397AE009}.Debug|Any CPU.Build.0 = Debug|Any CPU
		{83829740-99C8-44C1-A9D3-563D397AE009}.Eylea_Int|Any CPU.ActiveCfg = Eylea_Int|Any CPU
		{83829740-99C8-44C1-A9D3-563D397AE009}.Eylea_Int|Any CPU.Build.0 = Eylea_Int|Any CPU
		{83829740-99C8-44C1-A9D3-563D397AE009}.Eylea_Live|Any CPU.ActiveCfg = Eylea_Live|Any CPU
		{83829740-99C8-44C1-A9D3-563D397AE009}.Eylea_Live|Any CPU.Build.0 = Eylea_Live|Any CPU
		{83829740-99C8-44C1-A9D3-563D397AE009}.Eylea_Preview|Any CPU.ActiveCfg = Eylea_Preview|Any CPU
		{83829740-99C8-44C1-A9D3-563D397AE009}.Eylea_Preview|Any CPU.Build.0 = Eylea_Preview|Any CPU
		{83829740-99C8-44C1-A9D3-563D397AE009}.Eylea_Qa|Any CPU.ActiveCfg = Eylea_Qa|Any CPU
		{83829740-99C8-44C1-A9D3-563D397AE009}.Eylea_Qa|Any CPU.Build.0 = Eylea_Qa|Any CPU
		{83829740-99C8-44C1-A9D3-563D397AE009}.Int|Any CPU.ActiveCfg = Int|Any CPU
		{83829740-99C8-44C1-A9D3-563D397AE009}.Int|Any CPU.Build.0 = Int|Any CPU
		{83829740-99C8-44C1-A9D3-563D397AE009}.live|Any CPU.ActiveCfg = Release|Any CPU
		{83829740-99C8-44C1-A9D3-563D397AE009}.live|Any CPU.Build.0 = Release|Any CPU
		{83829740-99C8-44C1-A9D3-563D397AE009}.preview|Any CPU.ActiveCfg = Release|Any CPU
		{83829740-99C8-44C1-A9D3-563D397AE009}.preview|Any CPU.Build.0 = Release|Any CPU
		{83829740-99C8-44C1-A9D3-563D397AE009}.qa|Any CPU.ActiveCfg = Release|Any CPU
		{83829740-99C8-44C1-A9D3-563D397AE009}.qa|Any CPU.Build.0 = Release|Any CPU
		{83829740-99C8-44C1-A9D3-563D397AE009}.Release|Any CPU.ActiveCfg = Release|Any CPU
		{83829740-99C8-44C1-A9D3-563D397AE009}.Release|Any CPU.Build.0 = Release|Any CPU
		{83829740-99C8-44C1-A9D3-563D397AE009}.Xlr_Int|Any CPU.ActiveCfg = Xlr_Int|Any CPU
		{83829740-99C8-44C1-A9D3-563D397AE009}.Xlr_Int|Any CPU.Build.0 = Xlr_Int|Any CPU
		{83829740-99C8-44C1-A9D3-563D397AE009}.Xlr_Qa|Any CPU.ActiveCfg = Xlr_Qa|Any CPU
		{83829740-99C8-44C1-A9D3-563D397AE009}.Xlr_Qa|Any CPU.Build.0 = Xlr_Qa|Any CPU
		{23F7C69A-D485-4727-82C4-0120072199D1}.Debug|Any CPU.ActiveCfg = Debug|Any CPU
		{23F7C69A-D485-4727-82C4-0120072199D1}.Debug|Any CPU.Build.0 = Debug|Any CPU
		{23F7C69A-D485-4727-82C4-0120072199D1}.Eylea_Int|Any CPU.ActiveCfg = Eylea_Int|Any CPU
		{23F7C69A-D485-4727-82C4-0120072199D1}.Eylea_Int|Any CPU.Build.0 = Eylea_Int|Any CPU
		{23F7C69A-D485-4727-82C4-0120072199D1}.Eylea_Live|Any CPU.ActiveCfg = Eylea_Live|Any CPU
		{23F7C69A-D485-4727-82C4-0120072199D1}.Eylea_Live|Any CPU.Build.0 = Eylea_Live|Any CPU
		{23F7C69A-D485-4727-82C4-0120072199D1}.Eylea_Preview|Any CPU.ActiveCfg = Eylea_Preview|Any CPU
		{23F7C69A-D485-4727-82C4-0120072199D1}.Eylea_Preview|Any CPU.Build.0 = Eylea_Preview|Any CPU
		{23F7C69A-D485-4727-82C4-0120072199D1}.Eylea_Qa|Any CPU.ActiveCfg = Eylea_Qa|Any CPU
		{23F7C69A-D485-4727-82C4-0120072199D1}.Eylea_Qa|Any CPU.Build.0 = Eylea_Qa|Any CPU
		{23F7C69A-D485-4727-82C4-0120072199D1}.Int|Any CPU.ActiveCfg = Int|Any CPU
		{23F7C69A-D485-4727-82C4-0120072199D1}.Int|Any CPU.Build.0 = Int|Any CPU
		{23F7C69A-D485-4727-82C4-0120072199D1}.live|Any CPU.ActiveCfg = Release|Any CPU
		{23F7C69A-D485-4727-82C4-0120072199D1}.live|Any CPU.Build.0 = Release|Any CPU
		{23F7C69A-D485-4727-82C4-0120072199D1}.preview|Any CPU.ActiveCfg = Release|Any CPU
		{23F7C69A-D485-4727-82C4-0120072199D1}.preview|Any CPU.Build.0 = Release|Any CPU
		{23F7C69A-D485-4727-82C4-0120072199D1}.qa|Any CPU.ActiveCfg = Release|Any CPU
		{23F7C69A-D485-4727-82C4-0120072199D1}.qa|Any CPU.Build.0 = Release|Any CPU
		{23F7C69A-D485-4727-82C4-0120072199D1}.Release|Any CPU.ActiveCfg = Release|Any CPU
		{23F7C69A-D485-4727-82C4-0120072199D1}.Release|Any CPU.Build.0 = Release|Any CPU
		{23F7C69A-D485-4727-82C4-0120072199D1}.Xlr_Int|Any CPU.ActiveCfg = Xlr_Int|Any CPU
		{23F7C69A-D485-4727-82C4-0120072199D1}.Xlr_Int|Any CPU.Build.0 = Xlr_Int|Any CPU
		{23F7C69A-D485-4727-82C4-0120072199D1}.Xlr_Qa|Any CPU.ActiveCfg = Xlr_Qa|Any CPU
		{23F7C69A-D485-4727-82C4-0120072199D1}.Xlr_Qa|Any CPU.Build.0 = Xlr_Qa|Any CPU
		{1E92AB3A-8F9A-45EF-BBD2-EB475D09947B}.Debug|Any CPU.ActiveCfg = Debug|Any CPU
		{1E92AB3A-8F9A-45EF-BBD2-EB475D09947B}.Debug|Any CPU.Build.0 = Debug|Any CPU
		{1E92AB3A-8F9A-45EF-BBD2-EB475D09947B}.Eylea_Int|Any CPU.ActiveCfg = Eylea_Int|Any CPU
		{1E92AB3A-8F9A-45EF-BBD2-EB475D09947B}.Eylea_Int|Any CPU.Build.0 = Eylea_Int|Any CPU
		{1E92AB3A-8F9A-45EF-BBD2-EB475D09947B}.Eylea_Live|Any CPU.ActiveCfg = Eylea_Live|Any CPU
		{1E92AB3A-8F9A-45EF-BBD2-EB475D09947B}.Eylea_Live|Any CPU.Build.0 = Eylea_Live|Any CPU
		{1E92AB3A-8F9A-45EF-BBD2-EB475D09947B}.Eylea_Preview|Any CPU.ActiveCfg = Eylea_Preview|Any CPU
		{1E92AB3A-8F9A-45EF-BBD2-EB475D09947B}.Eylea_Preview|Any CPU.Build.0 = Eylea_Preview|Any CPU
		{1E92AB3A-8F9A-45EF-BBD2-EB475D09947B}.Eylea_Qa|Any CPU.ActiveCfg = Eylea_Qa|Any CPU
		{1E92AB3A-8F9A-45EF-BBD2-EB475D09947B}.Eylea_Qa|Any CPU.Build.0 = Eylea_Qa|Any CPU
		{1E92AB3A-8F9A-45EF-BBD2-EB475D09947B}.Int|Any CPU.ActiveCfg = Int|Any CPU
		{1E92AB3A-8F9A-45EF-BBD2-EB475D09947B}.Int|Any CPU.Build.0 = Int|Any CPU
		{1E92AB3A-8F9A-45EF-BBD2-EB475D09947B}.live|Any CPU.ActiveCfg = Release|Any CPU
		{1E92AB3A-8F9A-45EF-BBD2-EB475D09947B}.live|Any CPU.Build.0 = Release|Any CPU
		{1E92AB3A-8F9A-45EF-BBD2-EB475D09947B}.preview|Any CPU.ActiveCfg = Release|Any CPU
		{1E92AB3A-8F9A-45EF-BBD2-EB475D09947B}.preview|Any CPU.Build.0 = Release|Any CPU
		{1E92AB3A-8F9A-45EF-BBD2-EB475D09947B}.qa|Any CPU.ActiveCfg = Release|Any CPU
		{1E92AB3A-8F9A-45EF-BBD2-EB475D09947B}.qa|Any CPU.Build.0 = Release|Any CPU
		{1E92AB3A-8F9A-45EF-BBD2-EB475D09947B}.Release|Any CPU.ActiveCfg = Release|Any CPU
		{1E92AB3A-8F9A-45EF-BBD2-EB475D09947B}.Release|Any CPU.Build.0 = Release|Any CPU
		{1E92AB3A-8F9A-45EF-BBD2-EB475D09947B}.Xlr_Int|Any CPU.ActiveCfg = Xlr_Int|Any CPU
		{1E92AB3A-8F9A-45EF-BBD2-EB475D09947B}.Xlr_Int|Any CPU.Build.0 = Xlr_Int|Any CPU
		{1E92AB3A-8F9A-45EF-BBD2-EB475D09947B}.Xlr_Qa|Any CPU.ActiveCfg = Xlr_Qa|Any CPU
		{1E92AB3A-8F9A-45EF-BBD2-EB475D09947B}.Xlr_Qa|Any CPU.Build.0 = Xlr_Qa|Any CPU
		{F75CD349-B42C-4C41-8825-5939F714C54B}.Debug|Any CPU.ActiveCfg = Debug|Any CPU
		{F75CD349-B42C-4C41-8825-5939F714C54B}.Debug|Any CPU.Build.0 = Debug|Any CPU
		{F75CD349-B42C-4C41-8825-5939F714C54B}.Eylea_Int|Any CPU.ActiveCfg = Eylea_Int|Any CPU
		{F75CD349-B42C-4C41-8825-5939F714C54B}.Eylea_Int|Any CPU.Build.0 = Eylea_Int|Any CPU
		{F75CD349-B42C-4C41-8825-5939F714C54B}.Eylea_Live|Any CPU.ActiveCfg = Eylea_Live|Any CPU
		{F75CD349-B42C-4C41-8825-5939F714C54B}.Eylea_Live|Any CPU.Build.0 = Eylea_Live|Any CPU
		{F75CD349-B42C-4C41-8825-5939F714C54B}.Eylea_Preview|Any CPU.ActiveCfg = Eylea_Preview|Any CPU
		{F75CD349-B42C-4C41-8825-5939F714C54B}.Eylea_Preview|Any CPU.Build.0 = Eylea_Preview|Any CPU
		{F75CD349-B42C-4C41-8825-5939F714C54B}.Eylea_Qa|Any CPU.ActiveCfg = Eylea_Qa|Any CPU
		{F75CD349-B42C-4C41-8825-5939F714C54B}.Eylea_Qa|Any CPU.Build.0 = Eylea_Qa|Any CPU
		{F75CD349-B42C-4C41-8825-5939F714C54B}.Int|Any CPU.ActiveCfg = Int|Any CPU
		{F75CD349-B42C-4C41-8825-5939F714C54B}.Int|Any CPU.Build.0 = Int|Any CPU
		{F75CD349-B42C-4C41-8825-5939F714C54B}.live|Any CPU.ActiveCfg = Release|Any CPU
		{F75CD349-B42C-4C41-8825-5939F714C54B}.live|Any CPU.Build.0 = Release|Any CPU
		{F75CD349-B42C-4C41-8825-5939F714C54B}.preview|Any CPU.ActiveCfg = Release|Any CPU
		{F75CD349-B42C-4C41-8825-5939F714C54B}.preview|Any CPU.Build.0 = Release|Any CPU
		{F75CD349-B42C-4C41-8825-5939F714C54B}.qa|Any CPU.ActiveCfg = Release|Any CPU
		{F75CD349-B42C-4C41-8825-5939F714C54B}.qa|Any CPU.Build.0 = Release|Any CPU
		{F75CD349-B42C-4C41-8825-5939F714C54B}.Release|Any CPU.ActiveCfg = Release|Any CPU
		{F75CD349-B42C-4C41-8825-5939F714C54B}.Release|Any CPU.Build.0 = Release|Any CPU
		{F75CD349-B42C-4C41-8825-5939F714C54B}.Xlr_Int|Any CPU.ActiveCfg = Xlr_Int|Any CPU
		{F75CD349-B42C-4C41-8825-5939F714C54B}.Xlr_Int|Any CPU.Build.0 = Xlr_Int|Any CPU
		{F75CD349-B42C-4C41-8825-5939F714C54B}.Xlr_Qa|Any CPU.ActiveCfg = Xlr_Qa|Any CPU
		{F75CD349-B42C-4C41-8825-5939F714C54B}.Xlr_Qa|Any CPU.Build.0 = Xlr_Qa|Any CPU
		{D90AD80D-A403-4C02-9B9F-9F32CA62E865}.Debug|Any CPU.ActiveCfg = Debug|Any CPU
		{D90AD80D-A403-4C02-9B9F-9F32CA62E865}.Debug|Any CPU.Build.0 = Debug|Any CPU
		{D90AD80D-A403-4C02-9B9F-9F32CA62E865}.Eylea_Int|Any CPU.ActiveCfg = Eylea_Int|Any CPU
		{D90AD80D-A403-4C02-9B9F-9F32CA62E865}.Eylea_Int|Any CPU.Build.0 = Eylea_Int|Any CPU
		{D90AD80D-A403-4C02-9B9F-9F32CA62E865}.Eylea_Live|Any CPU.ActiveCfg = Eylea_Live|Any CPU
		{D90AD80D-A403-4C02-9B9F-9F32CA62E865}.Eylea_Live|Any CPU.Build.0 = Eylea_Live|Any CPU
		{D90AD80D-A403-4C02-9B9F-9F32CA62E865}.Eylea_Preview|Any CPU.ActiveCfg = Eylea_Preview|Any CPU
		{D90AD80D-A403-4C02-9B9F-9F32CA62E865}.Eylea_Preview|Any CPU.Build.0 = Eylea_Preview|Any CPU
		{D90AD80D-A403-4C02-9B9F-9F32CA62E865}.Eylea_Qa|Any CPU.ActiveCfg = Eylea_Qa|Any CPU
		{D90AD80D-A403-4C02-9B9F-9F32CA62E865}.Eylea_Qa|Any CPU.Build.0 = Eylea_Qa|Any CPU
		{D90AD80D-A403-4C02-9B9F-9F32CA62E865}.Int|Any CPU.ActiveCfg = Int|Any CPU
		{D90AD80D-A403-4C02-9B9F-9F32CA62E865}.Int|Any CPU.Build.0 = Int|Any CPU
		{D90AD80D-A403-4C02-9B9F-9F32CA62E865}.live|Any CPU.ActiveCfg = Release|Any CPU
		{D90AD80D-A403-4C02-9B9F-9F32CA62E865}.live|Any CPU.Build.0 = Release|Any CPU
		{D90AD80D-A403-4C02-9B9F-9F32CA62E865}.preview|Any CPU.ActiveCfg = Release|Any CPU
		{D90AD80D-A403-4C02-9B9F-9F32CA62E865}.preview|Any CPU.Build.0 = Release|Any CPU
		{D90AD80D-A403-4C02-9B9F-9F32CA62E865}.qa|Any CPU.ActiveCfg = Release|Any CPU
		{D90AD80D-A403-4C02-9B9F-9F32CA62E865}.qa|Any CPU.Build.0 = Release|Any CPU
		{D90AD80D-A403-4C02-9B9F-9F32CA62E865}.Release|Any CPU.ActiveCfg = Release|Any CPU
		{D90AD80D-A403-4C02-9B9F-9F32CA62E865}.Release|Any CPU.Build.0 = Release|Any CPU
		{D90AD80D-A403-4C02-9B9F-9F32CA62E865}.Xlr_Int|Any CPU.ActiveCfg = Xlr_Int|Any CPU
		{D90AD80D-A403-4C02-9B9F-9F32CA62E865}.Xlr_Int|Any CPU.Build.0 = Xlr_Int|Any CPU
		{D90AD80D-A403-4C02-9B9F-9F32CA62E865}.Xlr_Qa|Any CPU.ActiveCfg = Xlr_Qa|Any CPU
		{D90AD80D-A403-4C02-9B9F-9F32CA62E865}.Xlr_Qa|Any CPU.Build.0 = Xlr_Qa|Any CPU
		{6ADDB16A-1827-4921-BA01-A1D913065413}.Debug|Any CPU.ActiveCfg = Debug|Any CPU
		{6ADDB16A-1827-4921-BA01-A1D913065413}.Debug|Any CPU.Build.0 = Debug|Any CPU
		{6ADDB16A-1827-4921-BA01-A1D913065413}.Eylea_Int|Any CPU.ActiveCfg = Eylea_Int|Any CPU
		{6ADDB16A-1827-4921-BA01-A1D913065413}.Eylea_Int|Any CPU.Build.0 = Eylea_Int|Any CPU
		{6ADDB16A-1827-4921-BA01-A1D913065413}.Eylea_Live|Any CPU.ActiveCfg = Eylea_Live|Any CPU
		{6ADDB16A-1827-4921-BA01-A1D913065413}.Eylea_Live|Any CPU.Build.0 = Eylea_Live|Any CPU
		{6ADDB16A-1827-4921-BA01-A1D913065413}.Eylea_Preview|Any CPU.ActiveCfg = Eylea_Preview|Any CPU
		{6ADDB16A-1827-4921-BA01-A1D913065413}.Eylea_Preview|Any CPU.Build.0 = Eylea_Preview|Any CPU
		{6ADDB16A-1827-4921-BA01-A1D913065413}.Eylea_Qa|Any CPU.ActiveCfg = Eylea_Qa|Any CPU
		{6ADDB16A-1827-4921-BA01-A1D913065413}.Eylea_Qa|Any CPU.Build.0 = Eylea_Qa|Any CPU
		{6ADDB16A-1827-4921-BA01-A1D913065413}.Int|Any CPU.ActiveCfg = Int|Any CPU
		{6ADDB16A-1827-4921-BA01-A1D913065413}.Int|Any CPU.Build.0 = Int|Any CPU
		{6ADDB16A-1827-4921-BA01-A1D913065413}.live|Any CPU.ActiveCfg = Release|Any CPU
		{6ADDB16A-1827-4921-BA01-A1D913065413}.live|Any CPU.Build.0 = Release|Any CPU
		{6ADDB16A-1827-4921-BA01-A1D913065413}.preview|Any CPU.ActiveCfg = Release|Any CPU
		{6ADDB16A-1827-4921-BA01-A1D913065413}.preview|Any CPU.Build.0 = Release|Any CPU
		{6ADDB16A-1827-4921-BA01-A1D913065413}.qa|Any CPU.ActiveCfg = Release|Any CPU
		{6ADDB16A-1827-4921-BA01-A1D913065413}.qa|Any CPU.Build.0 = Release|Any CPU
		{6ADDB16A-1827-4921-BA01-A1D913065413}.Release|Any CPU.ActiveCfg = Release|Any CPU
		{6ADDB16A-1827-4921-BA01-A1D913065413}.Release|Any CPU.Build.0 = Release|Any CPU
		{6ADDB16A-1827-4921-BA01-A1D913065413}.Xlr_Int|Any CPU.ActiveCfg = Xlr_Int|Any CPU
		{6ADDB16A-1827-4921-BA01-A1D913065413}.Xlr_Int|Any CPU.Build.0 = Xlr_Int|Any CPU
		{6ADDB16A-1827-4921-BA01-A1D913065413}.Xlr_Qa|Any CPU.ActiveCfg = Xlr_Qa|Any CPU
		{6ADDB16A-1827-4921-BA01-A1D913065413}.Xlr_Qa|Any CPU.Build.0 = Xlr_Qa|Any CPU
		{02966B54-E3BE-4915-8400-A6B1EE91F8C5}.Debug|Any CPU.ActiveCfg = Debug|Any CPU
		{02966B54-E3BE-4915-8400-A6B1EE91F8C5}.Debug|Any CPU.Build.0 = Debug|Any CPU
		{02966B54-E3BE-4915-8400-A6B1EE91F8C5}.Eylea_Int|Any CPU.ActiveCfg = Eylea_Int|Any CPU
		{02966B54-E3BE-4915-8400-A6B1EE91F8C5}.Eylea_Int|Any CPU.Build.0 = Eylea_Int|Any CPU
		{02966B54-E3BE-4915-8400-A6B1EE91F8C5}.Eylea_Live|Any CPU.ActiveCfg = Eylea_Live|Any CPU
		{02966B54-E3BE-4915-8400-A6B1EE91F8C5}.Eylea_Live|Any CPU.Build.0 = Eylea_Live|Any CPU
		{02966B54-E3BE-4915-8400-A6B1EE91F8C5}.Eylea_Preview|Any CPU.ActiveCfg = Eylea_Preview|Any CPU
		{02966B54-E3BE-4915-8400-A6B1EE91F8C5}.Eylea_Preview|Any CPU.Build.0 = Eylea_Preview|Any CPU
		{02966B54-E3BE-4915-8400-A6B1EE91F8C5}.Eylea_Qa|Any CPU.ActiveCfg = Eylea_Qa|Any CPU
		{02966B54-E3BE-4915-8400-A6B1EE91F8C5}.Eylea_Qa|Any CPU.Build.0 = Eylea_Qa|Any CPU
		{02966B54-E3BE-4915-8400-A6B1EE91F8C5}.Int|Any CPU.ActiveCfg = Int|Any CPU
		{02966B54-E3BE-4915-8400-A6B1EE91F8C5}.Int|Any CPU.Build.0 = Int|Any CPU
		{02966B54-E3BE-4915-8400-A6B1EE91F8C5}.live|Any CPU.ActiveCfg = Release|Any CPU
		{02966B54-E3BE-4915-8400-A6B1EE91F8C5}.live|Any CPU.Build.0 = Release|Any CPU
		{02966B54-E3BE-4915-8400-A6B1EE91F8C5}.preview|Any CPU.ActiveCfg = Release|Any CPU
		{02966B54-E3BE-4915-8400-A6B1EE91F8C5}.preview|Any CPU.Build.0 = Release|Any CPU
		{02966B54-E3BE-4915-8400-A6B1EE91F8C5}.qa|Any CPU.ActiveCfg = Release|Any CPU
		{02966B54-E3BE-4915-8400-A6B1EE91F8C5}.qa|Any CPU.Build.0 = Release|Any CPU
		{02966B54-E3BE-4915-8400-A6B1EE91F8C5}.Release|Any CPU.ActiveCfg = Release|Any CPU
		{02966B54-E3BE-4915-8400-A6B1EE91F8C5}.Release|Any CPU.Build.0 = Release|Any CPU
		{02966B54-E3BE-4915-8400-A6B1EE91F8C5}.Xlr_Int|Any CPU.ActiveCfg = Xlr_Int|Any CPU
		{02966B54-E3BE-4915-8400-A6B1EE91F8C5}.Xlr_Int|Any CPU.Build.0 = Xlr_Int|Any CPU
		{02966B54-E3BE-4915-8400-A6B1EE91F8C5}.Xlr_Qa|Any CPU.ActiveCfg = Xlr_Qa|Any CPU
		{02966B54-E3BE-4915-8400-A6B1EE91F8C5}.Xlr_Qa|Any CPU.Build.0 = Xlr_Qa|Any CPU
		{0E1A7DDC-3BA8-4F15-8B80-B7A88445587C}.Debug|Any CPU.ActiveCfg = Debug|Any CPU
		{0E1A7DDC-3BA8-4F15-8B80-B7A88445587C}.Debug|Any CPU.Build.0 = Debug|Any CPU
		{0E1A7DDC-3BA8-4F15-8B80-B7A88445587C}.Eylea_Int|Any CPU.ActiveCfg = Eylea_Int|Any CPU
		{0E1A7DDC-3BA8-4F15-8B80-B7A88445587C}.Eylea_Int|Any CPU.Build.0 = Eylea_Int|Any CPU
		{0E1A7DDC-3BA8-4F15-8B80-B7A88445587C}.Eylea_Live|Any CPU.ActiveCfg = Eylea_Live|Any CPU
		{0E1A7DDC-3BA8-4F15-8B80-B7A88445587C}.Eylea_Live|Any CPU.Build.0 = Eylea_Live|Any CPU
		{0E1A7DDC-3BA8-4F15-8B80-B7A88445587C}.Eylea_Preview|Any CPU.ActiveCfg = Eylea_Preview|Any CPU
		{0E1A7DDC-3BA8-4F15-8B80-B7A88445587C}.Eylea_Preview|Any CPU.Build.0 = Eylea_Preview|Any CPU
		{0E1A7DDC-3BA8-4F15-8B80-B7A88445587C}.Eylea_Qa|Any CPU.ActiveCfg = Eylea_Qa|Any CPU
		{0E1A7DDC-3BA8-4F15-8B80-B7A88445587C}.Eylea_Qa|Any CPU.Build.0 = Eylea_Qa|Any CPU
		{0E1A7DDC-3BA8-4F15-8B80-B7A88445587C}.Int|Any CPU.ActiveCfg = Int|Any CPU
		{0E1A7DDC-3BA8-4F15-8B80-B7A88445587C}.Int|Any CPU.Build.0 = Int|Any CPU
		{0E1A7DDC-3BA8-4F15-8B80-B7A88445587C}.live|Any CPU.ActiveCfg = Release|Any CPU
		{0E1A7DDC-3BA8-4F15-8B80-B7A88445587C}.live|Any CPU.Build.0 = Release|Any CPU
		{0E1A7DDC-3BA8-4F15-8B80-B7A88445587C}.preview|Any CPU.ActiveCfg = Release|Any CPU
		{0E1A7DDC-3BA8-4F15-8B80-B7A88445587C}.preview|Any CPU.Build.0 = Release|Any CPU
		{0E1A7DDC-3BA8-4F15-8B80-B7A88445587C}.qa|Any CPU.ActiveCfg = Release|Any CPU
		{0E1A7DDC-3BA8-4F15-8B80-B7A88445587C}.qa|Any CPU.Build.0 = Release|Any CPU
		{0E1A7DDC-3BA8-4F15-8B80-B7A88445587C}.Release|Any CPU.ActiveCfg = Release|Any CPU
		{0E1A7DDC-3BA8-4F15-8B80-B7A88445587C}.Release|Any CPU.Build.0 = Release|Any CPU
		{0E1A7DDC-3BA8-4F15-8B80-B7A88445587C}.Xlr_Int|Any CPU.ActiveCfg = Xlr_Int|Any CPU
		{0E1A7DDC-3BA8-4F15-8B80-B7A88445587C}.Xlr_Int|Any CPU.Build.0 = Xlr_Int|Any CPU
		{0E1A7DDC-3BA8-4F15-8B80-B7A88445587C}.Xlr_Qa|Any CPU.ActiveCfg = Xlr_Qa|Any CPU
		{0E1A7DDC-3BA8-4F15-8B80-B7A88445587C}.Xlr_Qa|Any CPU.Build.0 = Xlr_Qa|Any CPU
	EndGlobalSection
	GlobalSection(SolutionProperties) = preSolution
		HideSolutionNode = FALSE
	EndGlobalSection
	GlobalSection(NestedProjects) = preSolution
		{E9E4451D-4737-4148-B1ED-5DEF0B875B27} = {2E3D6A8F-A657-4F2D-B409-4A9B105D57ED}
		{CD665372-8DE6-4609-9FB7-9CC8DA31BCB0} = {2E3D6A8F-A657-4F2D-B409-4A9B105D57ED}
		{C020E1CF-53E3-4902-855E-E5F77C94923C} = {2E3D6A8F-A657-4F2D-B409-4A9B105D57ED}
		{C5B23EC9-89F0-4F80-9FA2-C03494149471} = {2E3D6A8F-A657-4F2D-B409-4A9B105D57ED}
		{C4C86DE2-3B07-4A70-B127-80E97E6A3EA4} = {35C87557-7F2A-40AD-B66D-F81B1877A6AA}
		{11EDB0C6-0A0C-48DE-9CDD-7B093236EB6D} = {35C87557-7F2A-40AD-B66D-F81B1877A6AA}
		{5E385F11-D55B-420F-AC76-4B170F1F9140} = {35C87557-7F2A-40AD-B66D-F81B1877A6AA}
		{A9EBC5DE-4E8F-43E7-B36A-A30E40228AEF} = {35C87557-7F2A-40AD-B66D-F81B1877A6AA}
		{789802F8-1E2B-4C78-AA1D-A972F516CEE5} = {6104120C-4CA4-48E7-9D09-EFF6A0901539}
		{C5CD5B48-EF61-4A0C-B3C2-D310D7D971E8} = {6104120C-4CA4-48E7-9D09-EFF6A0901539}
		{74E461EF-D53A-4083-B058-676A9FC3E087} = {6104120C-4CA4-48E7-9D09-EFF6A0901539}
		{40B17BC9-6A3D-42B0-A8CE-443F0799A31D} = {6104120C-4CA4-48E7-9D09-EFF6A0901539}
		{1E92AB3A-8F9A-45EF-BBD2-EB475D09947B} = {EDD3AACA-D3BF-4414-88AD-8BB97F0E0101}
		{F75CD349-B42C-4C41-8825-5939F714C54B} = {EDD3AACA-D3BF-4414-88AD-8BB97F0E0101}
		{D90AD80D-A403-4C02-9B9F-9F32CA62E865} = {EDD3AACA-D3BF-4414-88AD-8BB97F0E0101}
		{6ADDB16A-1827-4921-BA01-A1D913065413} = {EDD3AACA-D3BF-4414-88AD-8BB97F0E0101}
	EndGlobalSection
	GlobalSection(TeamFoundationVersionControl) = preSolution
		SccNumberOfProjects = 32
		SccEnterpriseProvider = {4CA58AB2-18FA-4F8D-95D4-32DDF27D184C}
		SccTeamFoundationServer = https://tfs.asandk.com/tfs/defaultcollection
		SccLocalPath0 = .
		SccProjectUniqueName1 = LP.Authentication\\LP.Authentication.csproj
		SccProjectTopLevelParentUniqueName1 = LP.ServiceHost.sln
		SccProjectName1 = LP.Authentication
		SccLocalPath1 = LP.Authentication
		SccProjectUniqueName2 = LP.Authentication.BusinessLayer\\LP.Authentication.BusinessLayer.csproj
		SccProjectTopLevelParentUniqueName2 = LP.ServiceHost.sln
		SccProjectName2 = LP.Authentication.BusinessLayer
		SccLocalPath2 = LP.Authentication.BusinessLayer
		SccProjectUniqueName3 = LP.Authentication.BusinessLayer.Tests\\LP.Authentication.BusinessLayer.Tests.csproj
		SccProjectTopLevelParentUniqueName3 = LP.ServiceHost.sln
		SccProjectName3 = LP.Authentication.BusinessLayer.Tests
		SccLocalPath3 = LP.Authentication.BusinessLayer.Tests
		SccProjectUniqueName4 = LP.Authentication.Tests\\LP.Authentication.Tests.csproj
		SccProjectTopLevelParentUniqueName4 = LP.ServiceHost.sln
		SccProjectName4 = LP.Authentication.Tests
		SccLocalPath4 = LP.Authentication.Tests
		SccProjectUniqueName5 = LP.Core\\LP.Core.csproj
		SccProjectName5 = LP.Core
		SccLocalPath5 = LP.Core
		SccProjectUniqueName6 = LP.Core.Tests\\LP.Core.Tests.csproj
		SccProjectName6 = LP.Core.Tests
		SccLocalPath6 = LP.Core.Tests
		SccProjectUniqueName7 = LP.Data\\LP.Data.csproj
		SccProjectName7 = LP.Data
		SccLocalPath7 = LP.Data
		SccProjectUniqueName8 = LP.Host\\LP.Host.csproj
		SccProjectName8 = LP.Host
		SccLocalPath8 = LP.Host
		SccProjectUniqueName9 = LP.Model\\LP.Model.csproj
		SccProjectName9 = LP.Model
		SccLocalPath9 = LP.Model
		SccProjectUniqueName10 = LP.ServiceHost.Common.BusinessLayer\\LP.ServiceHost.Common.BusinessLayer.csproj
		SccProjectName10 = LP.ServiceHost.Common.BusinessLayer
		SccLocalPath10 = LP.ServiceHost.Common.BusinessLayer
		SccProjectUniqueName11 = LP.ServiceHost.Common.BusinessLayer.Tests\\LP.ServiceHost.Common.BusinessLayer.Tests.csproj
		SccProjectName11 = LP.ServiceHost.Common.BusinessLayer.Tests
		SccLocalPath11 = LP.ServiceHost.Common.BusinessLayer.Tests
		SccProjectUniqueName12 = LP.ServiceHost.DataContracts\\LP.ServiceHost.DataContracts.csproj
		SccProjectName12 = LP.ServiceHost.DataContracts
		SccLocalPath12 = LP.ServiceHost.DataContracts
		SccProjectUniqueName13 = LP.Host.Tests\\LP.Host.Tests.csproj
		SccProjectName13 = LP.Host.Tests
		SccLocalPath13 = LP.Host.Tests
		SccProjectUniqueName14 = LP.Api.Shared\\LP.Api.Shared.csproj
		SccProjectName14 = LP.Api.Shared
		SccLocalPath14 = LP.Api.Shared
		SccProjectUniqueName15 = LP.Api.Shared.Tests\\LP.Api.Shared.Tests.csproj
		SccProjectName15 = LP.Api.Shared.Tests
		SccLocalPath15 = LP.Api.Shared.Tests
		SccProjectUniqueName16 = LP.Translation\\LP.Translation.csproj
		SccProjectTopLevelParentUniqueName16 = LP.ServiceHost.sln
		SccProjectName16 = LP.Translation
		SccLocalPath16 = LP.Translation
		SccProjectUniqueName17 = LP.Translation.Tests\\LP.Translation.Tests.csproj
		SccProjectTopLevelParentUniqueName17 = LP.ServiceHost.sln
		SccProjectName17 = LP.Translation.Tests
		SccLocalPath17 = LP.Translation.Tests
		SccProjectUniqueName18 = LP.Translation.BusinessLayer\\LP.Translation.BusinessLayer.csproj
		SccProjectTopLevelParentUniqueName18 = LP.ServiceHost.sln
		SccProjectName18 = LP.Translation.BusinessLayer
		SccLocalPath18 = LP.Translation.BusinessLayer
		SccProjectUniqueName19 = LP.Translation.BusinessLayer.Tests\\LP.Translation.BusinessLayer.Tests.csproj
		SccProjectTopLevelParentUniqueName19 = LP.ServiceHost.sln
		SccProjectName19 = LP.Translation.BusinessLayer.Tests
		SccLocalPath19 = LP.Translation.BusinessLayer.Tests
		SccProjectUniqueName20 = LP.Exams\\LP.Exams.csproj
		SccProjectTopLevelParentUniqueName20 = LP.ServiceHost.sln
		SccProjectName20 = LP.Exams
		SccLocalPath20 = LP.Exams
		SccProjectUniqueName21 = LP.Exams.BusinessLayer\\LP.Exams.BusinessLayer.csproj
		SccProjectTopLevelParentUniqueName21 = LP.ServiceHost.sln
		SccProjectName21 = LP.Exams.BusinessLayer
		SccLocalPath21 = LP.Exams.BusinessLayer
		SccProjectUniqueName22 = LP.Exams.BusinessLayer.Tests\\LP.Exams.BusinessLayer.Tests.csproj
		SccProjectTopLevelParentUniqueName22 = LP.ServiceHost.sln
		SccProjectName22 = LP.Exams.BusinessLayer.Tests
		SccLocalPath22 = LP.Exams.BusinessLayer.Tests
		SccProjectUniqueName23 = LP.Exams.Tests\\LP.Exams.Tests.csproj
		SccProjectTopLevelParentUniqueName23 = LP.ServiceHost.sln
		SccProjectName23 = LP.Exams.Tests
		SccLocalPath23 = LP.Exams.Tests
		SccProjectUniqueName24 = LP.PresentationLayer\\LP.PresentationLayer.csproj
		SccProjectName24 = LP.PresentationLayer
		SccLocalPath24 = LP.PresentationLayer
		SccProjectUniqueName25 = LP.PresentationLayer.Tests\\LP.PresentationLayer.Tests.csproj
		SccProjectName25 = LP.PresentationLayer.Tests
		SccLocalPath25 = LP.PresentationLayer.Tests
		SccProjectUniqueName26 = LP.Content\\LP.Content.csproj
		SccProjectTopLevelParentUniqueName26 = LP.ServiceHost.sln
		SccProjectName26 = LP.Content
		SccLocalPath26 = LP.Content
		SccProjectUniqueName27 = LP.Content.Tests\\LP.Content.Tests.csproj
		SccProjectTopLevelParentUniqueName27 = LP.ServiceHost.sln
		SccProjectName27 = LP.Content.Tests
		SccLocalPath27 = LP.Content.Tests
		SccProjectUniqueName28 = LP.Content.BusinessLayer\\LP.Content.BusinessLayer.csproj
		SccProjectTopLevelParentUniqueName28 = LP.ServiceHost.sln
		SccProjectName28 = LP.Content.BusinessLayer
		SccLocalPath28 = LP.Content.BusinessLayer
		SccProjectUniqueName29 = LP.Content.BusinessLayer.Tests\\LP.Content.BusinessLayer.Tests.csproj
		SccProjectTopLevelParentUniqueName29 = LP.ServiceHost.sln
		SccProjectName29 = LP.Content.BusinessLayer.Tests
		SccLocalPath29 = LP.Content.BusinessLayer.Tests
		SccProjectUniqueName30 = LP.EntityModels\\LP.EntityModels.csproj
		SccProjectName30 = LP.EntityModels
		SccLocalPath30 = LP.EntityModels
		SccProjectUniqueName31 = LP.Host.Integration\\LP.Host.Integration.csproj
		SccProjectName31 = LP.Host.Integration
		SccLocalPath31 = LP.Host.Integration
	EndGlobalSection
EndGlobal
